// !$*UTF8*$!
{
	archiveVersion = 1;
	classes = {
	};
	objectVersion = 55;
	objects = {

/* Begin PBXBuildFile section */
		5891903D2782449F00868307 /* PhotoPickerViewController.swift in Sources */ = {isa = PBXBuildFile; fileRef = 5891903C2782449F00868307 /* PhotoPickerViewController.swift */; };
		5891903F278244B900868307 /* PhotoPickerInteractor.swift in Sources */ = {isa = PBXBuildFile; fileRef = 5891903E278244B900868307 /* PhotoPickerInteractor.swift */; };
		58919041278244CE00868307 /* PhotoPickerPresenter.swift in Sources */ = {isa = PBXBuildFile; fileRef = 58919040278244CE00868307 /* PhotoPickerPresenter.swift */; };
		589190432782451D00868307 /* PhotoPickerModule.swift in Sources */ = {isa = PBXBuildFile; fileRef = 589190422782451D00868307 /* PhotoPickerModule.swift */; };
		589190452782453E00868307 /* PhotoPickerModels.swift in Sources */ = {isa = PBXBuildFile; fileRef = 589190442782453E00868307 /* PhotoPickerModels.swift */; };
		589190472782463600868307 /* PhotoPickerRouter.swift in Sources */ = {isa = PBXBuildFile; fileRef = 589190462782463600868307 /* PhotoPickerRouter.swift */; };
		5891904C27836F9100868307 /* PhotoPickerButton.swift in Sources */ = {isa = PBXBuildFile; fileRef = 5891904B27836F9100868307 /* PhotoPickerButton.swift */; };
		5891904F2783732C00868307 /* PhotoPickerStackView.swift in Sources */ = {isa = PBXBuildFile; fileRef = 5891904E2783732C00868307 /* PhotoPickerStackView.swift */; };
		589190532784BF3D00868307 /* UILabel+TextSpacing.swift in Sources */ = {isa = PBXBuildFile; fileRef = 589190522784BF3D00868307 /* UILabel+TextSpacing.swift */; };
		589190582785180900868307 /* String+Localizable.swift in Sources */ = {isa = PBXBuildFile; fileRef = 589190572785180900868307 /* String+Localizable.swift */; };
		5891905A2785189D00868307 /* String+Shortcuts.swift in Sources */ = {isa = PBXBuildFile; fileRef = 589190592785189D00868307 /* String+Shortcuts.swift */; };
		5891905B2785196F00868307 /* Localizable.strings in Resources */ = {isa = PBXBuildFile; fileRef = 5891905D2785196F00868307 /* Localizable.strings */; };
		589190602785277800868307 /* UIColor+Palette.swift in Sources */ = {isa = PBXBuildFile; fileRef = 5891905F2785277800868307 /* UIColor+Palette.swift */; };
		5891906927876CCA00868307 /* AlertManager.swift in Sources */ = {isa = PBXBuildFile; fileRef = 5891906827876CCA00868307 /* AlertManager.swift */; };
		5891906C2787972900868307 /* UIViewController+Present.swift in Sources */ = {isa = PBXBuildFile; fileRef = 5891906B2787972900868307 /* UIViewController+Present.swift */; };
		5891906F27879B4000868307 /* Thread.swift in Sources */ = {isa = PBXBuildFile; fileRef = 5891906E27879B4000868307 /* Thread.swift */; };
		5891907127879B6000868307 /* Closures.swift in Sources */ = {isa = PBXBuildFile; fileRef = 5891907027879B6000868307 /* Closures.swift */; };
		58F34D26278228B3004D33AC /* AppDelegate.swift in Sources */ = {isa = PBXBuildFile; fileRef = 58F34D25278228B3004D33AC /* AppDelegate.swift */; };
		58F34D28278228B3004D33AC /* SceneDelegate.swift in Sources */ = {isa = PBXBuildFile; fileRef = 58F34D27278228B3004D33AC /* SceneDelegate.swift */; };
		58F34D2F278228B5004D33AC /* Assets.xcassets in Resources */ = {isa = PBXBuildFile; fileRef = 58F34D2E278228B5004D33AC /* Assets.xcassets */; };
		58F34D32278228B5004D33AC /* LaunchScreen.storyboard in Resources */ = {isa = PBXBuildFile; fileRef = 58F34D30278228B5004D33AC /* LaunchScreen.storyboard */; };
		58F34D3D278228B5004D33AC /* TransartistryAppTests.swift in Sources */ = {isa = PBXBuildFile; fileRef = 58F34D3C278228B5004D33AC /* TransartistryAppTests.swift */; };
		58F34D47278228B5004D33AC /* TransartistryAppUITests.swift in Sources */ = {isa = PBXBuildFile; fileRef = 58F34D46278228B5004D33AC /* TransartistryAppUITests.swift */; };
		58F34D49278228B5004D33AC /* TransartistryAppUITestsLaunchTests.swift in Sources */ = {isa = PBXBuildFile; fileRef = 58F34D48278228B5004D33AC /* TransartistryAppUITestsLaunchTests.swift */; };
		7FBCC8FD14717C82F56C81E1 /* Pods_TransartistryAppTests.framework in Frameworks */ = {isa = PBXBuildFile; fileRef = A9E0F1FA753D75C9F8B1D39D /* Pods_TransartistryAppTests.framework */; };
		82BB20C6C1A5656B30A46120 /* Pods_TransartistryApp_TransartistryAppUITests.framework in Frameworks */ = {isa = PBXBuildFile; fileRef = 343ECC07083EE0830FA64F75 /* Pods_TransartistryApp_TransartistryAppUITests.framework */; };
		F27EB0EAFE8BE9D9B0C7C3C3 /* Pods_TransartistryApp.framework in Frameworks */ = {isa = PBXBuildFile; fileRef = A43BD0876E76B22A813A0F7C /* Pods_TransartistryApp.framework */; };
/* End PBXBuildFile section */

/* Begin PBXContainerItemProxy section */
		58F34D39278228B5004D33AC /* PBXContainerItemProxy */ = {
			isa = PBXContainerItemProxy;
			containerPortal = 58F34D1A278228B2004D33AC /* Project object */;
			proxyType = 1;
			remoteGlobalIDString = 58F34D21278228B2004D33AC;
			remoteInfo = TransartistryApp;
		};
		58F34D43278228B5004D33AC /* PBXContainerItemProxy */ = {
			isa = PBXContainerItemProxy;
			containerPortal = 58F34D1A278228B2004D33AC /* Project object */;
			proxyType = 1;
			remoteGlobalIDString = 58F34D21278228B2004D33AC;
			remoteInfo = TransartistryApp;
		};
/* End PBXContainerItemProxy section */

/* Begin PBXFileReference section */
		20CFC85B6ED639265958937E /* Pods-TransartistryApp.release.xcconfig */ = {isa = PBXFileReference; includeInIndex = 1; lastKnownFileType = text.xcconfig; name = "Pods-TransartistryApp.release.xcconfig"; path = "Target Support Files/Pods-TransartistryApp/Pods-TransartistryApp.release.xcconfig"; sourceTree = "<group>"; };
		315D4FD1B22BBA75C4F00E55 /* Pods-TransartistryApp-TransartistryAppUITests.debug.xcconfig */ = {isa = PBXFileReference; includeInIndex = 1; lastKnownFileType = text.xcconfig; name = "Pods-TransartistryApp-TransartistryAppUITests.debug.xcconfig"; path = "Target Support Files/Pods-TransartistryApp-TransartistryAppUITests/Pods-TransartistryApp-TransartistryAppUITests.debug.xcconfig"; sourceTree = "<group>"; };
		343ECC07083EE0830FA64F75 /* Pods_TransartistryApp_TransartistryAppUITests.framework */ = {isa = PBXFileReference; explicitFileType = wrapper.framework; includeInIndex = 0; path = Pods_TransartistryApp_TransartistryAppUITests.framework; sourceTree = BUILT_PRODUCTS_DIR; };
		42F842A5D4C6FA364344079C /* Pods-TransartistryAppTests.release.xcconfig */ = {isa = PBXFileReference; includeInIndex = 1; lastKnownFileType = text.xcconfig; name = "Pods-TransartistryAppTests.release.xcconfig"; path = "Target Support Files/Pods-TransartistryAppTests/Pods-TransartistryAppTests.release.xcconfig"; sourceTree = "<group>"; };
		542B80ABD5BD34796AC4EEC3 /* Pods-TransartistryAppTests.debug.xcconfig */ = {isa = PBXFileReference; includeInIndex = 1; lastKnownFileType = text.xcconfig; name = "Pods-TransartistryAppTests.debug.xcconfig"; path = "Target Support Files/Pods-TransartistryAppTests/Pods-TransartistryAppTests.debug.xcconfig"; sourceTree = "<group>"; };
		5891903C2782449F00868307 /* PhotoPickerViewController.swift */ = {isa = PBXFileReference; lastKnownFileType = sourcecode.swift; path = PhotoPickerViewController.swift; sourceTree = "<group>"; };
		5891903E278244B900868307 /* PhotoPickerInteractor.swift */ = {isa = PBXFileReference; lastKnownFileType = sourcecode.swift; path = PhotoPickerInteractor.swift; sourceTree = "<group>"; };
		58919040278244CE00868307 /* PhotoPickerPresenter.swift */ = {isa = PBXFileReference; lastKnownFileType = sourcecode.swift; path = PhotoPickerPresenter.swift; sourceTree = "<group>"; };
		589190422782451D00868307 /* PhotoPickerModule.swift */ = {isa = PBXFileReference; lastKnownFileType = sourcecode.swift; path = PhotoPickerModule.swift; sourceTree = "<group>"; };
		589190442782453E00868307 /* PhotoPickerModels.swift */ = {isa = PBXFileReference; lastKnownFileType = sourcecode.swift; path = PhotoPickerModels.swift; sourceTree = "<group>"; };
		589190462782463600868307 /* PhotoPickerRouter.swift */ = {isa = PBXFileReference; lastKnownFileType = sourcecode.swift; path = PhotoPickerRouter.swift; sourceTree = "<group>"; };
		5891904B27836F9100868307 /* PhotoPickerButton.swift */ = {isa = PBXFileReference; lastKnownFileType = sourcecode.swift; path = PhotoPickerButton.swift; sourceTree = "<group>"; };
		5891904E2783732C00868307 /* PhotoPickerStackView.swift */ = {isa = PBXFileReference; lastKnownFileType = sourcecode.swift; path = PhotoPickerStackView.swift; sourceTree = "<group>"; };
		589190522784BF3D00868307 /* UILabel+TextSpacing.swift */ = {isa = PBXFileReference; lastKnownFileType = sourcecode.swift; path = "UILabel+TextSpacing.swift"; sourceTree = "<group>"; };
		589190572785180900868307 /* String+Localizable.swift */ = {isa = PBXFileReference; lastKnownFileType = sourcecode.swift; path = "String+Localizable.swift"; sourceTree = "<group>"; };
		589190592785189D00868307 /* String+Shortcuts.swift */ = {isa = PBXFileReference; lastKnownFileType = sourcecode.swift; path = "String+Shortcuts.swift"; sourceTree = "<group>"; };
		5891905C2785196F00868307 /* en */ = {isa = PBXFileReference; lastKnownFileType = text.plist.strings; name = en; path = en.lproj/Localizable.strings; sourceTree = "<group>"; };
		5891905F2785277800868307 /* UIColor+Palette.swift */ = {isa = PBXFileReference; lastKnownFileType = sourcecode.swift; path = "UIColor+Palette.swift"; sourceTree = "<group>"; };
		5891906827876CCA00868307 /* AlertManager.swift */ = {isa = PBXFileReference; lastKnownFileType = sourcecode.swift; path = AlertManager.swift; sourceTree = "<group>"; };
		5891906B2787972900868307 /* UIViewController+Present.swift */ = {isa = PBXFileReference; lastKnownFileType = sourcecode.swift; path = "UIViewController+Present.swift"; sourceTree = "<group>"; };
		5891906D278799DA00868307 /* ru */ = {isa = PBXFileReference; lastKnownFileType = text.plist.strings; name = ru; path = ru.lproj/Localizable.strings; sourceTree = "<group>"; };
		5891906E27879B4000868307 /* Thread.swift */ = {isa = PBXFileReference; lastKnownFileType = sourcecode.swift; path = Thread.swift; sourceTree = "<group>"; };
		5891907027879B6000868307 /* Closures.swift */ = {isa = PBXFileReference; lastKnownFileType = sourcecode.swift; path = Closures.swift; sourceTree = "<group>"; };
		58F34D22278228B3004D33AC /* TransartistryApp.app */ = {isa = PBXFileReference; explicitFileType = wrapper.application; includeInIndex = 0; path = TransartistryApp.app; sourceTree = BUILT_PRODUCTS_DIR; };
		58F34D25278228B3004D33AC /* AppDelegate.swift */ = {isa = PBXFileReference; lastKnownFileType = sourcecode.swift; path = AppDelegate.swift; sourceTree = "<group>"; };
		58F34D27278228B3004D33AC /* SceneDelegate.swift */ = {isa = PBXFileReference; lastKnownFileType = sourcecode.swift; path = SceneDelegate.swift; sourceTree = "<group>"; };
		58F34D2E278228B5004D33AC /* Assets.xcassets */ = {isa = PBXFileReference; lastKnownFileType = folder.assetcatalog; path = Assets.xcassets; sourceTree = "<group>"; };
		58F34D31278228B5004D33AC /* Base */ = {isa = PBXFileReference; lastKnownFileType = file.storyboard; name = Base; path = Base.lproj/LaunchScreen.storyboard; sourceTree = "<group>"; };
		58F34D33278228B5004D33AC /* Info.plist */ = {isa = PBXFileReference; lastKnownFileType = text.plist.xml; path = Info.plist; sourceTree = "<group>"; };
		58F34D38278228B5004D33AC /* TransartistryAppTests.xctest */ = {isa = PBXFileReference; explicitFileType = wrapper.cfbundle; includeInIndex = 0; path = TransartistryAppTests.xctest; sourceTree = BUILT_PRODUCTS_DIR; };
		58F34D3C278228B5004D33AC /* TransartistryAppTests.swift */ = {isa = PBXFileReference; lastKnownFileType = sourcecode.swift; path = TransartistryAppTests.swift; sourceTree = "<group>"; };
		58F34D42278228B5004D33AC /* TransartistryAppUITests.xctest */ = {isa = PBXFileReference; explicitFileType = wrapper.cfbundle; includeInIndex = 0; path = TransartistryAppUITests.xctest; sourceTree = BUILT_PRODUCTS_DIR; };
		58F34D46278228B5004D33AC /* TransartistryAppUITests.swift */ = {isa = PBXFileReference; lastKnownFileType = sourcecode.swift; path = TransartistryAppUITests.swift; sourceTree = "<group>"; };
		58F34D48278228B5004D33AC /* TransartistryAppUITestsLaunchTests.swift */ = {isa = PBXFileReference; lastKnownFileType = sourcecode.swift; path = TransartistryAppUITestsLaunchTests.swift; sourceTree = "<group>"; };
		7CCF561616755555CEA0730B /* Pods-TransartistryApp.debug.xcconfig */ = {isa = PBXFileReference; includeInIndex = 1; lastKnownFileType = text.xcconfig; name = "Pods-TransartistryApp.debug.xcconfig"; path = "Target Support Files/Pods-TransartistryApp/Pods-TransartistryApp.debug.xcconfig"; sourceTree = "<group>"; };
		A43BD0876E76B22A813A0F7C /* Pods_TransartistryApp.framework */ = {isa = PBXFileReference; explicitFileType = wrapper.framework; includeInIndex = 0; path = Pods_TransartistryApp.framework; sourceTree = BUILT_PRODUCTS_DIR; };
		A9E0F1FA753D75C9F8B1D39D /* Pods_TransartistryAppTests.framework */ = {isa = PBXFileReference; explicitFileType = wrapper.framework; includeInIndex = 0; path = Pods_TransartistryAppTests.framework; sourceTree = BUILT_PRODUCTS_DIR; };
		FBBE62FE00FB40362FB8A0A5 /* Pods-TransartistryApp-TransartistryAppUITests.release.xcconfig */ = {isa = PBXFileReference; includeInIndex = 1; lastKnownFileType = text.xcconfig; name = "Pods-TransartistryApp-TransartistryAppUITests.release.xcconfig"; path = "Target Support Files/Pods-TransartistryApp-TransartistryAppUITests/Pods-TransartistryApp-TransartistryAppUITests.release.xcconfig"; sourceTree = "<group>"; };
/* End PBXFileReference section */

/* Begin PBXFrameworksBuildPhase section */
		58F34D1F278228B2004D33AC /* Frameworks */ = {
			isa = PBXFrameworksBuildPhase;
			buildActionMask = 2147483647;
			files = (
				F27EB0EAFE8BE9D9B0C7C3C3 /* Pods_TransartistryApp.framework in Frameworks */,
			);
			runOnlyForDeploymentPostprocessing = 0;
		};
		58F34D35278228B5004D33AC /* Frameworks */ = {
			isa = PBXFrameworksBuildPhase;
			buildActionMask = 2147483647;
			files = (
				7FBCC8FD14717C82F56C81E1 /* Pods_TransartistryAppTests.framework in Frameworks */,
			);
			runOnlyForDeploymentPostprocessing = 0;
		};
		58F34D3F278228B5004D33AC /* Frameworks */ = {
			isa = PBXFrameworksBuildPhase;
			buildActionMask = 2147483647;
			files = (
				82BB20C6C1A5656B30A46120 /* Pods_TransartistryApp_TransartistryAppUITests.framework in Frameworks */,
			);
			runOnlyForDeploymentPostprocessing = 0;
		};
/* End PBXFrameworksBuildPhase section */

/* Begin PBXGroup section */
		5891903B2782446E00868307 /* PhotoPicker */ = {
			isa = PBXGroup;
			children = (
				5891903C2782449F00868307 /* PhotoPickerViewController.swift */,
				5891903E278244B900868307 /* PhotoPickerInteractor.swift */,
				58919040278244CE00868307 /* PhotoPickerPresenter.swift */,
				589190422782451D00868307 /* PhotoPickerModule.swift */,
				589190442782453E00868307 /* PhotoPickerModels.swift */,
				589190462782463600868307 /* PhotoPickerRouter.swift */,
			);
			path = PhotoPicker;
			sourceTree = "<group>";
		};
		5891904927836F6700868307 /* Views */ = {
			isa = PBXGroup;
			children = (
				5891904D2783730F00868307 /* UIStackView */,
				5891904A27836F6D00868307 /* UIButton */,
			);
			path = Views;
			sourceTree = "<group>";
		};
		5891904A27836F6D00868307 /* UIButton */ = {
			isa = PBXGroup;
			children = (
				5891904B27836F9100868307 /* PhotoPickerButton.swift */,
			);
			path = UIButton;
			sourceTree = "<group>";
		};
		5891904D2783730F00868307 /* UIStackView */ = {
			isa = PBXGroup;
			children = (
				5891904E2783732C00868307 /* PhotoPickerStackView.swift */,
			);
			path = UIStackView;
			sourceTree = "<group>";
		};
		589190502784BEFB00868307 /* Extension */ = {
			isa = PBXGroup;
			children = (
				5891906A2787971300868307 /* UIViewController */,
				5891905E2785275700868307 /* UIColor */,
				58919056278517E200868307 /* String */,
				589190512784BF0600868307 /* UILabel */,
			);
			path = Extension;
			sourceTree = "<group>";
		};
		589190512784BF0600868307 /* UILabel */ = {
			isa = PBXGroup;
			children = (
				589190522784BF3D00868307 /* UILabel+TextSpacing.swift */,
			);
			path = UILabel;
			sourceTree = "<group>";
		};
		58919056278517E200868307 /* String */ = {
			isa = PBXGroup;
			children = (
				589190572785180900868307 /* String+Localizable.swift */,
				589190592785189D00868307 /* String+Shortcuts.swift */,
			);
			path = String;
			sourceTree = "<group>";
		};
		5891905E2785275700868307 /* UIColor */ = {
			isa = PBXGroup;
			children = (
				5891905F2785277800868307 /* UIColor+Palette.swift */,
			);
			path = UIColor;
			sourceTree = "<group>";
		};
		5891906727876CB500868307 /* Utilities */ = {
			isa = PBXGroup;
			children = (
				5891906827876CCA00868307 /* AlertManager.swift */,
			);
			path = Utilities;
			sourceTree = "<group>";
		};
		5891906A2787971300868307 /* UIViewController */ = {
			isa = PBXGroup;
			children = (
				5891906B2787972900868307 /* UIViewController+Present.swift */,
			);
			path = UIViewController;
			sourceTree = "<group>";
		};
		58C12DD82782367200D9BB12 /* Supporting Files */ = {
			isa = PBXGroup;
			children = (
				58F34D25278228B3004D33AC /* AppDelegate.swift */,
				58F34D27278228B3004D33AC /* SceneDelegate.swift */,
				5891906E27879B4000868307 /* Thread.swift */,
				5891907027879B6000868307 /* Closures.swift */,
				58F34D30278228B5004D33AC /* LaunchScreen.storyboard */,
				58F34D33278228B5004D33AC /* Info.plist */,
				5891905D2785196F00868307 /* Localizable.strings */,
			);
			path = "Supporting Files";
			sourceTree = "<group>";
		};
		58C12DD9278236A800D9BB12 /* Resources */ = {
			isa = PBXGroup;
			children = (
				58F34D2E278228B5004D33AC /* Assets.xcassets */,
			);
			path = Resources;
			sourceTree = "<group>";
		};
		58C12DDA2782373000D9BB12 /* Modules */ = {
			isa = PBXGroup;
			children = (
				5891903B2782446E00868307 /* PhotoPicker */,
			);
			path = Modules;
			sourceTree = "<group>";
		};
		58F34D19278228B2004D33AC = {
			isa = PBXGroup;
			children = (
				58F34D24278228B3004D33AC /* TransartistryApp */,
				58F34D3B278228B5004D33AC /* TransartistryAppTests */,
				58F34D45278228B5004D33AC /* TransartistryAppUITests */,
				58F34D23278228B3004D33AC /* Products */,
				5A2EF83BE33D35A7C65CB3A0 /* Pods */,
				AF070EF263803D57E726D163 /* Frameworks */,
			);
			sourceTree = "<group>";
		};
		58F34D23278228B3004D33AC /* Products */ = {
			isa = PBXGroup;
			children = (
				58F34D22278228B3004D33AC /* TransartistryApp.app */,
				58F34D38278228B5004D33AC /* TransartistryAppTests.xctest */,
				58F34D42278228B5004D33AC /* TransartistryAppUITests.xctest */,
			);
			name = Products;
			sourceTree = "<group>";
		};
		58F34D24278228B3004D33AC /* TransartistryApp */ = {
			isa = PBXGroup;
			children = (
				5891906727876CB500868307 /* Utilities */,
				589190502784BEFB00868307 /* Extension */,
				5891904927836F6700868307 /* Views */,
				58C12DD82782367200D9BB12 /* Supporting Files */,
				58C12DD9278236A800D9BB12 /* Resources */,
				58C12DDA2782373000D9BB12 /* Modules */,
			);
			path = TransartistryApp;
			sourceTree = "<group>";
		};
		58F34D3B278228B5004D33AC /* TransartistryAppTests */ = {
			isa = PBXGroup;
			children = (
				58F34D3C278228B5004D33AC /* TransartistryAppTests.swift */,
			);
			path = TransartistryAppTests;
			sourceTree = "<group>";
		};
		58F34D45278228B5004D33AC /* TransartistryAppUITests */ = {
			isa = PBXGroup;
			children = (
				58F34D46278228B5004D33AC /* TransartistryAppUITests.swift */,
				58F34D48278228B5004D33AC /* TransartistryAppUITestsLaunchTests.swift */,
			);
			path = TransartistryAppUITests;
			sourceTree = "<group>";
		};
		5A2EF83BE33D35A7C65CB3A0 /* Pods */ = {
			isa = PBXGroup;
			children = (
				7CCF561616755555CEA0730B /* Pods-TransartistryApp.debug.xcconfig */,
				20CFC85B6ED639265958937E /* Pods-TransartistryApp.release.xcconfig */,
				315D4FD1B22BBA75C4F00E55 /* Pods-TransartistryApp-TransartistryAppUITests.debug.xcconfig */,
				FBBE62FE00FB40362FB8A0A5 /* Pods-TransartistryApp-TransartistryAppUITests.release.xcconfig */,
				542B80ABD5BD34796AC4EEC3 /* Pods-TransartistryAppTests.debug.xcconfig */,
				42F842A5D4C6FA364344079C /* Pods-TransartistryAppTests.release.xcconfig */,
			);
			path = Pods;
			sourceTree = "<group>";
		};
		AF070EF263803D57E726D163 /* Frameworks */ = {
			isa = PBXGroup;
			children = (
				A43BD0876E76B22A813A0F7C /* Pods_TransartistryApp.framework */,
				343ECC07083EE0830FA64F75 /* Pods_TransartistryApp_TransartistryAppUITests.framework */,
				A9E0F1FA753D75C9F8B1D39D /* Pods_TransartistryAppTests.framework */,
			);
			name = Frameworks;
			sourceTree = "<group>";
		};
/* End PBXGroup section */

/* Begin PBXNativeTarget section */
		58F34D21278228B2004D33AC /* TransartistryApp */ = {
			isa = PBXNativeTarget;
			buildConfigurationList = 58F34D4C278228B5004D33AC /* Build configuration list for PBXNativeTarget "TransartistryApp" */;
			buildPhases = (
				0DB20BA9C2DDFB9DD4BEE691 /* [CP] Check Pods Manifest.lock */,
				58F34D1E278228B2004D33AC /* Sources */,
				58F34D1F278228B2004D33AC /* Frameworks */,
				58F34D20278228B2004D33AC /* Resources */,
				58919048278264B400868307 /* ShellScript */,
				15D3C9B1900C50AEBF5F4514 /* [CP] Embed Pods Frameworks */,
			);
			buildRules = (
			);
			dependencies = (
			);
			name = TransartistryApp;
			productName = TransartistryApp;
			productReference = 58F34D22278228B3004D33AC /* TransartistryApp.app */;
			productType = "com.apple.product-type.application";
		};
		58F34D37278228B5004D33AC /* TransartistryAppTests */ = {
			isa = PBXNativeTarget;
			buildConfigurationList = 58F34D4F278228B5004D33AC /* Build configuration list for PBXNativeTarget "TransartistryAppTests" */;
			buildPhases = (
				556D341184E9B94F1C3F808C /* [CP] Check Pods Manifest.lock */,
				58F34D34278228B5004D33AC /* Sources */,
				58F34D35278228B5004D33AC /* Frameworks */,
				58F34D36278228B5004D33AC /* Resources */,
			);
			buildRules = (
			);
			dependencies = (
				58F34D3A278228B5004D33AC /* PBXTargetDependency */,
			);
			name = TransartistryAppTests;
			productName = TransartistryAppTests;
			productReference = 58F34D38278228B5004D33AC /* TransartistryAppTests.xctest */;
			productType = "com.apple.product-type.bundle.unit-test";
		};
		58F34D41278228B5004D33AC /* TransartistryAppUITests */ = {
			isa = PBXNativeTarget;
			buildConfigurationList = 58F34D52278228B5004D33AC /* Build configuration list for PBXNativeTarget "TransartistryAppUITests" */;
			buildPhases = (
				230860B85C4269AEBCF05CA3 /* [CP] Check Pods Manifest.lock */,
				58F34D3E278228B5004D33AC /* Sources */,
				58F34D3F278228B5004D33AC /* Frameworks */,
				58F34D40278228B5004D33AC /* Resources */,
				B23FF85123D509EB0B06B9A6 /* [CP] Embed Pods Frameworks */,
			);
			buildRules = (
			);
			dependencies = (
				58F34D44278228B5004D33AC /* PBXTargetDependency */,
			);
			name = TransartistryAppUITests;
			productName = TransartistryAppUITests;
			productReference = 58F34D42278228B5004D33AC /* TransartistryAppUITests.xctest */;
			productType = "com.apple.product-type.bundle.ui-testing";
		};
/* End PBXNativeTarget section */

/* Begin PBXProject section */
		58F34D1A278228B2004D33AC /* Project object */ = {
			isa = PBXProject;
			attributes = {
				BuildIndependentTargetsInParallel = 1;
				LastSwiftUpdateCheck = 1320;
				LastUpgradeCheck = 1320;
				TargetAttributes = {
					58F34D21278228B2004D33AC = {
						CreatedOnToolsVersion = 13.2.1;
					};
					58F34D37278228B5004D33AC = {
						CreatedOnToolsVersion = 13.2.1;
						TestTargetID = 58F34D21278228B2004D33AC;
					};
					58F34D41278228B5004D33AC = {
						CreatedOnToolsVersion = 13.2.1;
						TestTargetID = 58F34D21278228B2004D33AC;
					};
				};
			};
			buildConfigurationList = 58F34D1D278228B2004D33AC /* Build configuration list for PBXProject "TransartistryApp" */;
			compatibilityVersion = "Xcode 13.0";
			developmentRegion = en;
			hasScannedForEncodings = 0;
			knownRegions = (
				en,
				Base,
				ru,
			);
			mainGroup = 58F34D19278228B2004D33AC;
			productRefGroup = 58F34D23278228B3004D33AC /* Products */;
			projectDirPath = "";
			projectRoot = "";
			targets = (
				58F34D21278228B2004D33AC /* TransartistryApp */,
				58F34D37278228B5004D33AC /* TransartistryAppTests */,
				58F34D41278228B5004D33AC /* TransartistryAppUITests */,
			);
		};
/* End PBXProject section */

/* Begin PBXResourcesBuildPhase section */
		58F34D20278228B2004D33AC /* Resources */ = {
			isa = PBXResourcesBuildPhase;
			buildActionMask = 2147483647;
			files = (
				58F34D32278228B5004D33AC /* LaunchScreen.storyboard in Resources */,
				5891905B2785196F00868307 /* Localizable.strings in Resources */,
				58F34D2F278228B5004D33AC /* Assets.xcassets in Resources */,
			);
			runOnlyForDeploymentPostprocessing = 0;
		};
		58F34D36278228B5004D33AC /* Resources */ = {
			isa = PBXResourcesBuildPhase;
			buildActionMask = 2147483647;
			files = (
			);
			runOnlyForDeploymentPostprocessing = 0;
		};
		58F34D40278228B5004D33AC /* Resources */ = {
			isa = PBXResourcesBuildPhase;
			buildActionMask = 2147483647;
			files = (
			);
			runOnlyForDeploymentPostprocessing = 0;
		};
/* End PBXResourcesBuildPhase section */

/* Begin PBXShellScriptBuildPhase section */
		0DB20BA9C2DDFB9DD4BEE691 /* [CP] Check Pods Manifest.lock */ = {
			isa = PBXShellScriptBuildPhase;
			buildActionMask = 2147483647;
			files = (
			);
			inputFileListPaths = (
			);
			inputPaths = (
				"${PODS_PODFILE_DIR_PATH}/Podfile.lock",
				"${PODS_ROOT}/Manifest.lock",
			);
			name = "[CP] Check Pods Manifest.lock";
			outputFileListPaths = (
			);
			outputPaths = (
				"$(DERIVED_FILE_DIR)/Pods-TransartistryApp-checkManifestLockResult.txt",
			);
			runOnlyForDeploymentPostprocessing = 0;
			shellPath = /bin/sh;
			shellScript = "diff \"${PODS_PODFILE_DIR_PATH}/Podfile.lock\" \"${PODS_ROOT}/Manifest.lock\" > /dev/null\nif [ $? != 0 ] ; then\n    # print error to STDERR\n    echo \"error: The sandbox is not in sync with the Podfile.lock. Run 'pod install' or update your CocoaPods installation.\" >&2\n    exit 1\nfi\n# This output is used by Xcode 'outputs' to avoid re-running this script phase.\necho \"SUCCESS\" > \"${SCRIPT_OUTPUT_FILE_0}\"\n";
			showEnvVarsInLog = 0;
		};
		15D3C9B1900C50AEBF5F4514 /* [CP] Embed Pods Frameworks */ = {
			isa = PBXShellScriptBuildPhase;
			buildActionMask = 2147483647;
			files = (
			);
			inputFileListPaths = (
				"${PODS_ROOT}/Target Support Files/Pods-TransartistryApp/Pods-TransartistryApp-frameworks-${CONFIGURATION}-input-files.xcfilelist",
			);
			name = "[CP] Embed Pods Frameworks";
			outputFileListPaths = (
				"${PODS_ROOT}/Target Support Files/Pods-TransartistryApp/Pods-TransartistryApp-frameworks-${CONFIGURATION}-output-files.xcfilelist",
			);
			runOnlyForDeploymentPostprocessing = 0;
			shellPath = /bin/sh;
			shellScript = "\"${PODS_ROOT}/Target Support Files/Pods-TransartistryApp/Pods-TransartistryApp-frameworks.sh\"\n";
			showEnvVarsInLog = 0;
		};
		230860B85C4269AEBCF05CA3 /* [CP] Check Pods Manifest.lock */ = {
			isa = PBXShellScriptBuildPhase;
			buildActionMask = 2147483647;
			files = (
			);
			inputFileListPaths = (
			);
			inputPaths = (
				"${PODS_PODFILE_DIR_PATH}/Podfile.lock",
				"${PODS_ROOT}/Manifest.lock",
			);
			name = "[CP] Check Pods Manifest.lock";
			outputFileListPaths = (
			);
			outputPaths = (
				"$(DERIVED_FILE_DIR)/Pods-TransartistryApp-TransartistryAppUITests-checkManifestLockResult.txt",
			);
			runOnlyForDeploymentPostprocessing = 0;
			shellPath = /bin/sh;
			shellScript = "diff \"${PODS_PODFILE_DIR_PATH}/Podfile.lock\" \"${PODS_ROOT}/Manifest.lock\" > /dev/null\nif [ $? != 0 ] ; then\n    # print error to STDERR\n    echo \"error: The sandbox is not in sync with the Podfile.lock. Run 'pod install' or update your CocoaPods installation.\" >&2\n    exit 1\nfi\n# This output is used by Xcode 'outputs' to avoid re-running this script phase.\necho \"SUCCESS\" > \"${SCRIPT_OUTPUT_FILE_0}\"\n";
			showEnvVarsInLog = 0;
		};
		556D341184E9B94F1C3F808C /* [CP] Check Pods Manifest.lock */ = {
			isa = PBXShellScriptBuildPhase;
			buildActionMask = 2147483647;
			files = (
			);
			inputFileListPaths = (
			);
			inputPaths = (
				"${PODS_PODFILE_DIR_PATH}/Podfile.lock",
				"${PODS_ROOT}/Manifest.lock",
			);
			name = "[CP] Check Pods Manifest.lock";
			outputFileListPaths = (
			);
			outputPaths = (
				"$(DERIVED_FILE_DIR)/Pods-TransartistryAppTests-checkManifestLockResult.txt",
			);
			runOnlyForDeploymentPostprocessing = 0;
			shellPath = /bin/sh;
			shellScript = "diff \"${PODS_PODFILE_DIR_PATH}/Podfile.lock\" \"${PODS_ROOT}/Manifest.lock\" > /dev/null\nif [ $? != 0 ] ; then\n    # print error to STDERR\n    echo \"error: The sandbox is not in sync with the Podfile.lock. Run 'pod install' or update your CocoaPods installation.\" >&2\n    exit 1\nfi\n# This output is used by Xcode 'outputs' to avoid re-running this script phase.\necho \"SUCCESS\" > \"${SCRIPT_OUTPUT_FILE_0}\"\n";
			showEnvVarsInLog = 0;
		};
		58919048278264B400868307 /* ShellScript */ = {
			isa = PBXShellScriptBuildPhase;
			buildActionMask = 2147483647;
			files = (
			);
			inputFileListPaths = (
			);
			inputPaths = (
			);
			outputFileListPaths = (
			);
			outputPaths = (
			);
			runOnlyForDeploymentPostprocessing = 0;
			shellPath = /bin/sh;
			shellScript = "${PODS_ROOT}/SwiftLint/swiftlint\n";
		};
		B23FF85123D509EB0B06B9A6 /* [CP] Embed Pods Frameworks */ = {
			isa = PBXShellScriptBuildPhase;
			buildActionMask = 2147483647;
			files = (
			);
			inputFileListPaths = (
				"${PODS_ROOT}/Target Support Files/Pods-TransartistryApp-TransartistryAppUITests/Pods-TransartistryApp-TransartistryAppUITests-frameworks-${CONFIGURATION}-input-files.xcfilelist",
			);
			name = "[CP] Embed Pods Frameworks";
			outputFileListPaths = (
				"${PODS_ROOT}/Target Support Files/Pods-TransartistryApp-TransartistryAppUITests/Pods-TransartistryApp-TransartistryAppUITests-frameworks-${CONFIGURATION}-output-files.xcfilelist",
			);
			runOnlyForDeploymentPostprocessing = 0;
			shellPath = /bin/sh;
			shellScript = "\"${PODS_ROOT}/Target Support Files/Pods-TransartistryApp-TransartistryAppUITests/Pods-TransartistryApp-TransartistryAppUITests-frameworks.sh\"\n";
			showEnvVarsInLog = 0;
		};
/* End PBXShellScriptBuildPhase section */

/* Begin PBXSourcesBuildPhase section */
		58F34D1E278228B2004D33AC /* Sources */ = {
			isa = PBXSourcesBuildPhase;
			buildActionMask = 2147483647;
			files = (
				589190432782451D00868307 /* PhotoPickerModule.swift in Sources */,
				589190532784BF3D00868307 /* UILabel+TextSpacing.swift in Sources */,
				5891906C2787972900868307 /* UIViewController+Present.swift in Sources */,
				5891906927876CCA00868307 /* AlertManager.swift in Sources */,
				58F34D26278228B3004D33AC /* AppDelegate.swift in Sources */,
				5891903F278244B900868307 /* PhotoPickerInteractor.swift in Sources */,
				589190472782463600868307 /* PhotoPickerRouter.swift in Sources */,
				5891904C27836F9100868307 /* PhotoPickerButton.swift in Sources */,
				589190452782453E00868307 /* PhotoPickerModels.swift in Sources */,
				589190602785277800868307 /* UIColor+Palette.swift in Sources */,
				58F34D28278228B3004D33AC /* SceneDelegate.swift in Sources */,
				5891907127879B6000868307 /* Closures.swift in Sources */,
				5891906F27879B4000868307 /* Thread.swift in Sources */,
				5891903D2782449F00868307 /* PhotoPickerViewController.swift in Sources */,
				5891904F2783732C00868307 /* PhotoPickerStackView.swift in Sources */,
				58919041278244CE00868307 /* PhotoPickerPresenter.swift in Sources */,
				5891905A2785189D00868307 /* String+Shortcuts.swift in Sources */,
				589190582785180900868307 /* String+Localizable.swift in Sources */,
			);
			runOnlyForDeploymentPostprocessing = 0;
		};
		58F34D34278228B5004D33AC /* Sources */ = {
			isa = PBXSourcesBuildPhase;
			buildActionMask = 2147483647;
			files = (
				58F34D3D278228B5004D33AC /* TransartistryAppTests.swift in Sources */,
			);
			runOnlyForDeploymentPostprocessing = 0;
		};
		58F34D3E278228B5004D33AC /* Sources */ = {
			isa = PBXSourcesBuildPhase;
			buildActionMask = 2147483647;
			files = (
				58F34D47278228B5004D33AC /* TransartistryAppUITests.swift in Sources */,
				58F34D49278228B5004D33AC /* TransartistryAppUITestsLaunchTests.swift in Sources */,
			);
			runOnlyForDeploymentPostprocessing = 0;
		};
/* End PBXSourcesBuildPhase section */

/* Begin PBXTargetDependency section */
		58F34D3A278228B5004D33AC /* PBXTargetDependency */ = {
			isa = PBXTargetDependency;
			target = 58F34D21278228B2004D33AC /* TransartistryApp */;
			targetProxy = 58F34D39278228B5004D33AC /* PBXContainerItemProxy */;
		};
		58F34D44278228B5004D33AC /* PBXTargetDependency */ = {
			isa = PBXTargetDependency;
			target = 58F34D21278228B2004D33AC /* TransartistryApp */;
			targetProxy = 58F34D43278228B5004D33AC /* PBXContainerItemProxy */;
		};
/* End PBXTargetDependency section */

/* Begin PBXVariantGroup section */
		5891905D2785196F00868307 /* Localizable.strings */ = {
			isa = PBXVariantGroup;
			children = (
				5891905C2785196F00868307 /* en */,
				5891906D278799DA00868307 /* ru */,
			);
			name = Localizable.strings;
			sourceTree = "<group>";
		};
		58F34D30278228B5004D33AC /* LaunchScreen.storyboard */ = {
			isa = PBXVariantGroup;
			children = (
				58F34D31278228B5004D33AC /* Base */,
			);
			name = LaunchScreen.storyboard;
			sourceTree = "<group>";
		};
/* End PBXVariantGroup section */

/* Begin XCBuildConfiguration section */
		58F34D4A278228B5004D33AC /* Debug */ = {
			isa = XCBuildConfiguration;
			buildSettings = {
				ALWAYS_SEARCH_USER_PATHS = NO;
				CLANG_ANALYZER_LOCALIZABILITY_NONLOCALIZED = YES;
				CLANG_ANALYZER_NONNULL = YES;
				CLANG_ANALYZER_NUMBER_OBJECT_CONVERSION = YES_AGGRESSIVE;
				CLANG_CXX_LANGUAGE_STANDARD = "gnu++17";
				CLANG_CXX_LIBRARY = "libc++";
				CLANG_ENABLE_MODULES = YES;
				CLANG_ENABLE_OBJC_ARC = YES;
				CLANG_ENABLE_OBJC_WEAK = YES;
				CLANG_WARN_BLOCK_CAPTURE_AUTORELEASING = YES;
				CLANG_WARN_BOOL_CONVERSION = YES;
				CLANG_WARN_COMMA = YES;
				CLANG_WARN_CONSTANT_CONVERSION = YES;
				CLANG_WARN_DEPRECATED_OBJC_IMPLEMENTATIONS = YES;
				CLANG_WARN_DIRECT_OBJC_ISA_USAGE = YES_ERROR;
				CLANG_WARN_DOCUMENTATION_COMMENTS = YES;
				CLANG_WARN_EMPTY_BODY = YES;
				CLANG_WARN_ENUM_CONVERSION = YES;
				CLANG_WARN_INFINITE_RECURSION = YES;
				CLANG_WARN_INT_CONVERSION = YES;
				CLANG_WARN_NON_LITERAL_NULL_CONVERSION = YES;
				CLANG_WARN_OBJC_IMPLICIT_RETAIN_SELF = YES;
				CLANG_WARN_OBJC_LITERAL_CONVERSION = YES;
				CLANG_WARN_OBJC_ROOT_CLASS = YES_ERROR;
				CLANG_WARN_QUOTED_INCLUDE_IN_FRAMEWORK_HEADER = YES;
				CLANG_WARN_RANGE_LOOP_ANALYSIS = YES;
				CLANG_WARN_STRICT_PROTOTYPES = YES;
				CLANG_WARN_SUSPICIOUS_MOVE = YES;
				CLANG_WARN_UNGUARDED_AVAILABILITY = YES_AGGRESSIVE;
				CLANG_WARN_UNREACHABLE_CODE = YES;
				CLANG_WARN__DUPLICATE_METHOD_MATCH = YES;
				COPY_PHASE_STRIP = NO;
				DEBUG_INFORMATION_FORMAT = dwarf;
				ENABLE_STRICT_OBJC_MSGSEND = YES;
				ENABLE_TESTABILITY = YES;
				GCC_C_LANGUAGE_STANDARD = gnu11;
				GCC_DYNAMIC_NO_PIC = NO;
				GCC_NO_COMMON_BLOCKS = YES;
				GCC_OPTIMIZATION_LEVEL = 0;
				GCC_PREPROCESSOR_DEFINITIONS = (
					"DEBUG=1",
					"$(inherited)",
				);
				GCC_WARN_64_TO_32_BIT_CONVERSION = YES;
				GCC_WARN_ABOUT_RETURN_TYPE = YES_ERROR;
				GCC_WARN_UNDECLARED_SELECTOR = YES;
				GCC_WARN_UNINITIALIZED_AUTOS = YES_AGGRESSIVE;
				GCC_WARN_UNUSED_FUNCTION = YES;
				GCC_WARN_UNUSED_VARIABLE = YES;
				IPHONEOS_DEPLOYMENT_TARGET = 15.2;
				MTL_ENABLE_DEBUG_INFO = INCLUDE_SOURCE;
				MTL_FAST_MATH = YES;
				ONLY_ACTIVE_ARCH = YES;
				SDKROOT = iphoneos;
				SWIFT_ACTIVE_COMPILATION_CONDITIONS = DEBUG;
				SWIFT_OPTIMIZATION_LEVEL = "-Onone";
			};
			name = Debug;
		};
		58F34D4B278228B5004D33AC /* Release */ = {
			isa = XCBuildConfiguration;
			buildSettings = {
				ALWAYS_SEARCH_USER_PATHS = NO;
				CLANG_ANALYZER_LOCALIZABILITY_NONLOCALIZED = YES;
				CLANG_ANALYZER_NONNULL = YES;
				CLANG_ANALYZER_NUMBER_OBJECT_CONVERSION = YES_AGGRESSIVE;
				CLANG_CXX_LANGUAGE_STANDARD = "gnu++17";
				CLANG_CXX_LIBRARY = "libc++";
				CLANG_ENABLE_MODULES = YES;
				CLANG_ENABLE_OBJC_ARC = YES;
				CLANG_ENABLE_OBJC_WEAK = YES;
				CLANG_WARN_BLOCK_CAPTURE_AUTORELEASING = YES;
				CLANG_WARN_BOOL_CONVERSION = YES;
				CLANG_WARN_COMMA = YES;
				CLANG_WARN_CONSTANT_CONVERSION = YES;
				CLANG_WARN_DEPRECATED_OBJC_IMPLEMENTATIONS = YES;
				CLANG_WARN_DIRECT_OBJC_ISA_USAGE = YES_ERROR;
				CLANG_WARN_DOCUMENTATION_COMMENTS = YES;
				CLANG_WARN_EMPTY_BODY = YES;
				CLANG_WARN_ENUM_CONVERSION = YES;
				CLANG_WARN_INFINITE_RECURSION = YES;
				CLANG_WARN_INT_CONVERSION = YES;
				CLANG_WARN_NON_LITERAL_NULL_CONVERSION = YES;
				CLANG_WARN_OBJC_IMPLICIT_RETAIN_SELF = YES;
				CLANG_WARN_OBJC_LITERAL_CONVERSION = YES;
				CLANG_WARN_OBJC_ROOT_CLASS = YES_ERROR;
				CLANG_WARN_QUOTED_INCLUDE_IN_FRAMEWORK_HEADER = YES;
				CLANG_WARN_RANGE_LOOP_ANALYSIS = YES;
				CLANG_WARN_STRICT_PROTOTYPES = YES;
				CLANG_WARN_SUSPICIOUS_MOVE = YES;
				CLANG_WARN_UNGUARDED_AVAILABILITY = YES_AGGRESSIVE;
				CLANG_WARN_UNREACHABLE_CODE = YES;
				CLANG_WARN__DUPLICATE_METHOD_MATCH = YES;
				COPY_PHASE_STRIP = NO;
				DEBUG_INFORMATION_FORMAT = "dwarf-with-dsym";
				ENABLE_NS_ASSERTIONS = NO;
				ENABLE_STRICT_OBJC_MSGSEND = YES;
				GCC_C_LANGUAGE_STANDARD = gnu11;
				GCC_NO_COMMON_BLOCKS = YES;
				GCC_WARN_64_TO_32_BIT_CONVERSION = YES;
				GCC_WARN_ABOUT_RETURN_TYPE = YES_ERROR;
				GCC_WARN_UNDECLARED_SELECTOR = YES;
				GCC_WARN_UNINITIALIZED_AUTOS = YES_AGGRESSIVE;
				GCC_WARN_UNUSED_FUNCTION = YES;
				GCC_WARN_UNUSED_VARIABLE = YES;
				IPHONEOS_DEPLOYMENT_TARGET = 15.2;
				MTL_ENABLE_DEBUG_INFO = NO;
				MTL_FAST_MATH = YES;
				SDKROOT = iphoneos;
				SWIFT_COMPILATION_MODE = wholemodule;
				SWIFT_OPTIMIZATION_LEVEL = "-O";
				VALIDATE_PRODUCT = YES;
			};
			name = Release;
		};
		58F34D4D278228B5004D33AC /* Debug */ = {
			isa = XCBuildConfiguration;
			baseConfigurationReference = 7CCF561616755555CEA0730B /* Pods-TransartistryApp.debug.xcconfig */;
			buildSettings = {
				ASSETCATALOG_COMPILER_APPICON_NAME = AppIcon;
				ASSETCATALOG_COMPILER_GLOBAL_ACCENT_COLOR_NAME = AccentColor;
				CODE_SIGN_STYLE = Automatic;
				CURRENT_PROJECT_VERSION = 1;
				DEVELOPMENT_TEAM = 6VRN8A2N37;
				GENERATE_INFOPLIST_FILE = YES;
				INFOPLIST_FILE = TransartistryApp/Info.plist;
				INFOPLIST_KEY_NSCameraUsageDescription = "Please, allow access to take a photo directly in the App!";
				INFOPLIST_KEY_UIApplicationSupportsIndirectInputEvents = YES;
				INFOPLIST_KEY_UILaunchStoryboardName = LaunchScreen;
				INFOPLIST_KEY_UISupportedInterfaceOrientations_iPad = "UIInterfaceOrientationPortrait UIInterfaceOrientationPortraitUpsideDown UIInterfaceOrientationLandscapeLeft UIInterfaceOrientationLandscapeRight";
				INFOPLIST_KEY_UISupportedInterfaceOrientations_iPhone = "UIInterfaceOrientationPortrait UIInterfaceOrientationLandscapeLeft UIInterfaceOrientationLandscapeRight";
				LD_RUNPATH_SEARCH_PATHS = (
					"$(inherited)",
					"@executable_path/Frameworks",
				);
				MARKETING_VERSION = 1.0;
				PRODUCT_BUNDLE_IDENTIFIER = com.matveybo.TransartistryApp;
				PRODUCT_NAME = "$(TARGET_NAME)";
				SWIFT_EMIT_LOC_STRINGS = YES;
				SWIFT_VERSION = 5.0;
				TARGETED_DEVICE_FAMILY = "1,2";
			};
			name = Debug;
		};
		58F34D4E278228B5004D33AC /* Release */ = {
			isa = XCBuildConfiguration;
			baseConfigurationReference = 20CFC85B6ED639265958937E /* Pods-TransartistryApp.release.xcconfig */;
			buildSettings = {
				ASSETCATALOG_COMPILER_APPICON_NAME = AppIcon;
				ASSETCATALOG_COMPILER_GLOBAL_ACCENT_COLOR_NAME = AccentColor;
				CODE_SIGN_STYLE = Automatic;
				CURRENT_PROJECT_VERSION = 1;
				DEVELOPMENT_TEAM = 6VRN8A2N37;
				GENERATE_INFOPLIST_FILE = YES;
				INFOPLIST_FILE = TransartistryApp/Info.plist;
				INFOPLIST_KEY_NSCameraUsageDescription = "Please, allow access to take a photo directly in the App!";
				INFOPLIST_KEY_UIApplicationSupportsIndirectInputEvents = YES;
				INFOPLIST_KEY_UILaunchStoryboardName = LaunchScreen;
				INFOPLIST_KEY_UISupportedInterfaceOrientations_iPad = "UIInterfaceOrientationPortrait UIInterfaceOrientationPortraitUpsideDown UIInterfaceOrientationLandscapeLeft UIInterfaceOrientationLandscapeRight";
				INFOPLIST_KEY_UISupportedInterfaceOrientations_iPhone = "UIInterfaceOrientationPortrait UIInterfaceOrientationLandscapeLeft UIInterfaceOrientationLandscapeRight";
				LD_RUNPATH_SEARCH_PATHS = (
					"$(inherited)",
					"@executable_path/Frameworks",
				);
				MARKETING_VERSION = 1.0;
				PRODUCT_BUNDLE_IDENTIFIER = com.matveybo.TransartistryApp;
				PRODUCT_NAME = "$(TARGET_NAME)";
				SWIFT_EMIT_LOC_STRINGS = YES;
				SWIFT_VERSION = 5.0;
				TARGETED_DEVICE_FAMILY = "1,2";
			};
			name = Release;
		};
		58F34D50278228B5004D33AC /* Debug */ = {
			isa = XCBuildConfiguration;
			baseConfigurationReference = 542B80ABD5BD34796AC4EEC3 /* Pods-TransartistryAppTests.debug.xcconfig */;
			buildSettings = {
				ALWAYS_EMBED_SWIFT_STANDARD_LIBRARIES = YES;
				BUNDLE_LOADER = "$(TEST_HOST)";
				CODE_SIGN_STYLE = Automatic;
				CURRENT_PROJECT_VERSION = 1;
				DEVELOPMENT_TEAM = 6VRN8A2N37;
				GENERATE_INFOPLIST_FILE = YES;
				IPHONEOS_DEPLOYMENT_TARGET = 15.2;
				MARKETING_VERSION = 1.0;
				PRODUCT_BUNDLE_IDENTIFIER = com.matveybo.TransartistryAppTests;
				PRODUCT_NAME = "$(TARGET_NAME)";
				SWIFT_EMIT_LOC_STRINGS = NO;
				SWIFT_VERSION = 5.0;
				TARGETED_DEVICE_FAMILY = "1,2";
				TEST_HOST = "$(BUILT_PRODUCTS_DIR)/TransartistryApp.app/TransartistryApp";
			};
			name = Debug;
		};
		58F34D51278228B5004D33AC /* Release */ = {
			isa = XCBuildConfiguration;
			baseConfigurationReference = 42F842A5D4C6FA364344079C /* Pods-TransartistryAppTests.release.xcconfig */;
			buildSettings = {
				ALWAYS_EMBED_SWIFT_STANDARD_LIBRARIES = YES;
				BUNDLE_LOADER = "$(TEST_HOST)";
				CODE_SIGN_STYLE = Automatic;
				CURRENT_PROJECT_VERSION = 1;
				DEVELOPMENT_TEAM = 6VRN8A2N37;
				GENERATE_INFOPLIST_FILE = YES;
				IPHONEOS_DEPLOYMENT_TARGET = 15.2;
				MARKETING_VERSION = 1.0;
				PRODUCT_BUNDLE_IDENTIFIER = com.matveybo.TransartistryAppTests;
				PRODUCT_NAME = "$(TARGET_NAME)";
				SWIFT_EMIT_LOC_STRINGS = NO;
				SWIFT_VERSION = 5.0;
				TARGETED_DEVICE_FAMILY = "1,2";
				TEST_HOST = "$(BUILT_PRODUCTS_DIR)/TransartistryApp.app/TransartistryApp";
			};
			name = Release;
		};
		58F34D53278228B5004D33AC /* Debug */ = {
			isa = XCBuildConfiguration;
			baseConfigurationReference = 315D4FD1B22BBA75C4F00E55 /* Pods-TransartistryApp-TransartistryAppUITests.debug.xcconfig */;
			buildSettings = {
				ALWAYS_EMBED_SWIFT_STANDARD_LIBRARIES = YES;
				CODE_SIGN_STYLE = Automatic;
				CURRENT_PROJECT_VERSION = 1;
				DEVELOPMENT_TEAM = 6VRN8A2N37;
				GENERATE_INFOPLIST_FILE = YES;
				MARKETING_VERSION = 1.0;
				PRODUCT_BUNDLE_IDENTIFIER = com.matveybo.TransartistryAppUITests;
				PRODUCT_NAME = "$(TARGET_NAME)";
				SWIFT_EMIT_LOC_STRINGS = NO;
				SWIFT_VERSION = 5.0;
				TARGETED_DEVICE_FAMILY = "1,2";
				TEST_TARGET_NAME = TransartistryApp;
			};
			name = Debug;
		};
		58F34D54278228B5004D33AC /* Release */ = {
			isa = XCBuildConfiguration;
			baseConfigurationReference = FBBE62FE00FB40362FB8A0A5 /* Pods-TransartistryApp-TransartistryAppUITests.release.xcconfig */;
			buildSettings = {
				ALWAYS_EMBED_SWIFT_STANDARD_LIBRARIES = YES;
				CODE_SIGN_STYLE = Automatic;
				CURRENT_PROJECT_VERSION = 1;
				DEVELOPMENT_TEAM = 6VRN8A2N37;
				GENERATE_INFOPLIST_FILE = YES;
				MARKETING_VERSION = 1.0;
				PRODUCT_BUNDLE_IDENTIFIER = com.matveybo.TransartistryAppUITests;
				PRODUCT_NAME = "$(TARGET_NAME)";
				SWIFT_EMIT_LOC_STRINGS = NO;
				SWIFT_VERSION = 5.0;
				TARGETED_DEVICE_FAMILY = "1,2";
				TEST_TARGET_NAME = TransartistryApp;
			};
			name = Release;
		};
/* End XCBuildConfiguration section */

/* Begin XCConfigurationList section */
		58F34D1D278228B2004D33AC /* Build configuration list for PBXProject "TransartistryApp" */ = {
			isa = XCConfigurationList;
			buildConfigurations = (
				58F34D4A278228B5004D33AC /* Debug */,
				58F34D4B278228B5004D33AC /* Release */,
			);
			defaultConfigurationIsVisible = 0;
			defaultConfigurationName = Release;
		};
		58F34D4C278228B5004D33AC /* Build configuration list for PBXNativeTarget "TransartistryApp" */ = {
			isa = XCConfigurationList;
			buildConfigurations = (
				58F34D4D278228B5004D33AC /* Debug */,
				58F34D4E278228B5004D33AC /* Release */,
			);
			defaultConfigurationIsVisible = 0;
			defaultConfigurationName = Release;
		};
		58F34D4F278228B5004D33AC /* Build configuration list for PBXNativeTarget "TransartistryAppTests" */ = {
			isa = XCConfigurationList;
			buildConfigurations = (
				58F34D50278228B5004D33AC /* Debug */,
				58F34D51278228B5004D33AC /* Release */,
			);
			defaultConfigurationIsVisible = 0;
			defaultConfigurationName = Release;
		};
		58F34D52278228B5004D33AC /* Build configuration list for PBXNativeTarget "TransartistryAppUITests" */ = {
			isa = XCConfigurationList;
			buildConfigurations = (
				58F34D53278228B5004D33AC /* Debug */,
				58F34D54278228B5004D33AC /* Release */,
			);
			defaultConfigurationIsVisible = 0;
			defaultConfigurationName = Release;
		};
/* End XCConfigurationList section */
	};
	rootObject = 58F34D1A278228B2004D33AC /* Project object */;
}
