// !$*UTF8*$!
{
	archiveVersion = 1;
	classes = {
	};
	objectVersion = 55;
	objects = {

/* Begin PBXBuildFile section */
		580A3AC02985754300A8981D /* ApplicationRouter.swift in Sources */ = {isa = PBXBuildFile; fileRef = 580A3ABF2985754300A8981D /* ApplicationRouter.swift */; };
		580A3AC42985758600A8981D /* ApplicationCoordinator.swift in Sources */ = {isa = PBXBuildFile; fileRef = 580A3AC32985758600A8981D /* ApplicationCoordinator.swift */; };
		5818BA332989BFFF0080F8EB /* UIStackView+Subviews.swift in Sources */ = {isa = PBXBuildFile; fileRef = 5818BA322989BFFF0080F8EB /* UIStackView+Subviews.swift */; };
		5818BA362989C6FE0080F8EB /* Closures.swift in Sources */ = {isa = PBXBuildFile; fileRef = 5818BA352989C6FE0080F8EB /* Closures.swift */; };
		5818BA382989CFE50080F8EB /* MainScreenViewModelOutlets.swift in Sources */ = {isa = PBXBuildFile; fileRef = 5818BA372989CFE50080F8EB /* MainScreenViewModelOutlets.swift */; };
		5818BA3D298B04110080F8EB /* PhotoPickerController.swift in Sources */ = {isa = PBXBuildFile; fileRef = 5818BA3C298B04110080F8EB /* PhotoPickerController.swift */; };
		5818BA3F298B04240080F8EB /* PhotoPickerModuleAssembly.swift in Sources */ = {isa = PBXBuildFile; fileRef = 5818BA3E298B04240080F8EB /* PhotoPickerModuleAssembly.swift */; };
		5818BA42298B044A0080F8EB /* PhotoPickerFlowFactory.swift in Sources */ = {isa = PBXBuildFile; fileRef = 5818BA41298B044A0080F8EB /* PhotoPickerFlowFactory.swift */; };
		5818BA44298BE6E20080F8EB /* BaseModule.swift in Sources */ = {isa = PBXBuildFile; fileRef = 5818BA43298BE6E20080F8EB /* BaseModule.swift */; };
		582B64E42980622E004D76EB /* Bindable.swift in Sources */ = {isa = PBXBuildFile; fileRef = 582B64E32980622E004D76EB /* Bindable.swift */; };
		582B64E6298062C1004D76EB /* ViewLayerConfigurable.swift in Sources */ = {isa = PBXBuildFile; fileRef = 582B64E5298062C1004D76EB /* ViewLayerConfigurable.swift */; };
		582B64EB29817DFC004D76EB /* BaseView.swift in Sources */ = {isa = PBXBuildFile; fileRef = 582B64EA29817DFC004D76EB /* BaseView.swift */; };
		582B64ED298181C8004D76EB /* BaseViewModel.swift in Sources */ = {isa = PBXBuildFile; fileRef = 582B64EC298181C8004D76EB /* BaseViewModel.swift */; };
		582B64F0298181FF004D76EB /* ViewModelConfigurable.swift in Sources */ = {isa = PBXBuildFile; fileRef = 582B64EF298181FF004D76EB /* ViewModelConfigurable.swift */; };
		582B64F2298187E9004D76EB /* ViewModelOutlets.swift in Sources */ = {isa = PBXBuildFile; fileRef = 582B64F1298187E9004D76EB /* ViewModelOutlets.swift */; };
		582B64F429818B03004D76EB /* BaseViewController.swift in Sources */ = {isa = PBXBuildFile; fileRef = 582B64F329818B03004D76EB /* BaseViewController.swift */; };
		582B64F72981BF4A004D76EB /* BaseConfigurableViewController.swift in Sources */ = {isa = PBXBuildFile; fileRef = 582B64F62981BF4A004D76EB /* BaseConfigurableViewController.swift */; };
		582B64F92981E1EF004D76EB /* BaseCustomViewController.swift in Sources */ = {isa = PBXBuildFile; fileRef = 582B64F82981E1EF004D76EB /* BaseCustomViewController.swift */; };
		5848C84D29859E780055AD99 /* DisposeBagHolder.swift in Sources */ = {isa = PBXBuildFile; fileRef = 5848C84C29859E780055AD99 /* DisposeBagHolder.swift */; };
		5848C8532985A1660055AD99 /* MainScreenCoordinator.swift in Sources */ = {isa = PBXBuildFile; fileRef = 5848C8522985A1660055AD99 /* MainScreenCoordinator.swift */; };
		5848C85A2985AB0D0055AD99 /* MainScreenModuleAssembly.swift in Sources */ = {isa = PBXBuildFile; fileRef = 5848C8592985AB0D0055AD99 /* MainScreenModuleAssembly.swift */; };
		5848C85C2985AC980055AD99 /* MainScreenViewModel.swift in Sources */ = {isa = PBXBuildFile; fileRef = 5848C85B2985AC980055AD99 /* MainScreenViewModel.swift */; };
		5848C85E2985ACDB0055AD99 /* MainScreenViewController.swift in Sources */ = {isa = PBXBuildFile; fileRef = 5848C85D2985ACDB0055AD99 /* MainScreenViewController.swift */; };
		5848C8602985ACE80055AD99 /* MainScreenView.swift in Sources */ = {isa = PBXBuildFile; fileRef = 5848C85F2985ACE80055AD99 /* MainScreenView.swift */; };
		5848C8622985AEA60055AD99 /* MainScreenFlowFactory.swift in Sources */ = {isa = PBXBuildFile; fileRef = 5848C8612985AEA60055AD99 /* MainScreenFlowFactory.swift */; };
		5848C864298816350055AD99 /* WrapperView.swift in Sources */ = {isa = PBXBuildFile; fileRef = 5848C863298816350055AD99 /* WrapperView.swift */; };
		5848C86929881B3A0055AD99 /* UIView+SubviewsAdding.swift in Sources */ = {isa = PBXBuildFile; fileRef = 5848C86829881B3A0055AD99 /* UIView+SubviewsAdding.swift */; };
		5848C86C29881C430055AD99 /* UIImage+Sources.swift in Sources */ = {isa = PBXBuildFile; fileRef = 5848C86B29881C430055AD99 /* UIImage+Sources.swift */; };
		5848C86E29883EF70055AD99 /* UIView+SafeArea.swift in Sources */ = {isa = PBXBuildFile; fileRef = 5848C86D29883EF70055AD99 /* UIView+SafeArea.swift */; };
		5848C872298867860055AD99 /* UIFont+Weights.swift in Sources */ = {isa = PBXBuildFile; fileRef = 5848C871298867860055AD99 /* UIFont+Weights.swift */; };
		5848C875298869090055AD99 /* NSAttributedString+Extension.swift in Sources */ = {isa = PBXBuildFile; fileRef = 5848C874298869090055AD99 /* NSAttributedString+Extension.swift */; };
		5848C87D298880FF0055AD99 /* String+Localizing.swift in Sources */ = {isa = PBXBuildFile; fileRef = 5848C87C298880FF0055AD99 /* String+Localizing.swift */; };
		5848C87F2988817B0055AD99 /* String+Shortcuts.swift in Sources */ = {isa = PBXBuildFile; fileRef = 5848C87E2988817B0055AD99 /* String+Shortcuts.swift */; };
		5848C882298884510055AD99 /* UIColor+Palette.swift in Sources */ = {isa = PBXBuildFile; fileRef = 5848C881298884510055AD99 /* UIColor+Palette.swift */; };
		5848C885298977B40055AD99 /* Constants+BasicInsets.swift in Sources */ = {isa = PBXBuildFile; fileRef = 5848C884298977B40055AD99 /* Constants+BasicInsets.swift */; };
		5848C888298978B60055AD99 /* Constants+Radius.swift in Sources */ = {isa = PBXBuildFile; fileRef = 5848C887298978B60055AD99 /* Constants+Radius.swift */; };
		5848C88A298979470055AD99 /* Constants+Heights.swift in Sources */ = {isa = PBXBuildFile; fileRef = 5848C889298979470055AD99 /* Constants+Heights.swift */; };
		5891905B2785196F00868307 /* Localizable.strings in Resources */ = {isa = PBXBuildFile; fileRef = 5891905D2785196F00868307 /* Localizable.strings */; };
		58AAD965299564840072B764 /* Photo.swift in Sources */ = {isa = PBXBuildFile; fileRef = 58AAD964299564840072B764 /* Photo.swift */; };
		58AAD967299598790072B764 /* UIImage+Data.swift in Sources */ = {isa = PBXBuildFile; fileRef = 58AAD966299598790072B764 /* UIImage+Data.swift */; };
		58AAD96A2996771A0072B764 /* PhotoDistributor.swift in Sources */ = {isa = PBXBuildFile; fileRef = 58AAD9692996771A0072B764 /* PhotoDistributor.swift */; };
		58AE4A16299A877800755611 /* PhotoPickerManager.swift in Sources */ = {isa = PBXBuildFile; fileRef = 58AE4A15299A877800755611 /* PhotoPickerManager.swift */; };
		58AE4A18299A88C900755611 /* PhotoPickerParameters.swift in Sources */ = {isa = PBXBuildFile; fileRef = 58AE4A17299A88C900755611 /* PhotoPickerParameters.swift */; };
		58D7A359299A9FAE0004BB74 /* Distributor.swift in Sources */ = {isa = PBXBuildFile; fileRef = 58D7A358299A9FAE0004BB74 /* Distributor.swift */; };
		58F34D26278228B3004D33AC /* AppDelegate.swift in Sources */ = {isa = PBXBuildFile; fileRef = 58F34D25278228B3004D33AC /* AppDelegate.swift */; };
		58F34D28278228B3004D33AC /* SceneDelegate.swift in Sources */ = {isa = PBXBuildFile; fileRef = 58F34D27278228B3004D33AC /* SceneDelegate.swift */; };
		58F34D2F278228B5004D33AC /* Assets.xcassets in Resources */ = {isa = PBXBuildFile; fileRef = 58F34D2E278228B5004D33AC /* Assets.xcassets */; };
		58F34D32278228B5004D33AC /* LaunchScreen.storyboard in Resources */ = {isa = PBXBuildFile; fileRef = 58F34D30278228B5004D33AC /* LaunchScreen.storyboard */; };
		58F34D3D278228B5004D33AC /* TransartistryAppTests.swift in Sources */ = {isa = PBXBuildFile; fileRef = 58F34D3C278228B5004D33AC /* TransartistryAppTests.swift */; };
		58F34D47278228B5004D33AC /* TransartistryAppUITests.swift in Sources */ = {isa = PBXBuildFile; fileRef = 58F34D46278228B5004D33AC /* TransartistryAppUITests.swift */; };
		58F34D49278228B5004D33AC /* TransartistryAppUITestsLaunchTests.swift in Sources */ = {isa = PBXBuildFile; fileRef = 58F34D48278228B5004D33AC /* TransartistryAppUITestsLaunchTests.swift */; };
		7FBCC8FD14717C82F56C81E1 /* Pods_TransartistryAppTests.framework in Frameworks */ = {isa = PBXBuildFile; fileRef = A9E0F1FA753D75C9F8B1D39D /* Pods_TransartistryAppTests.framework */; };
		82BB20C6C1A5656B30A46120 /* Pods_TransartistryApp_TransartistryAppUITests.framework in Frameworks */ = {isa = PBXBuildFile; fileRef = 343ECC07083EE0830FA64F75 /* Pods_TransartistryApp_TransartistryAppUITests.framework */; };
		F27EB0EAFE8BE9D9B0C7C3C3 /* Pods_TransartistryApp.framework in Frameworks */ = {isa = PBXBuildFile; fileRef = A43BD0876E76B22A813A0F7C /* Pods_TransartistryApp.framework */; };
/* End PBXBuildFile section */

/* Begin PBXContainerItemProxy section */
		58F34D39278228B5004D33AC /* PBXContainerItemProxy */ = {
			isa = PBXContainerItemProxy;
			containerPortal = 58F34D1A278228B2004D33AC /* Project object */;
			proxyType = 1;
			remoteGlobalIDString = 58F34D21278228B2004D33AC;
			remoteInfo = TransartistryApp;
		};
		58F34D43278228B5004D33AC /* PBXContainerItemProxy */ = {
			isa = PBXContainerItemProxy;
			containerPortal = 58F34D1A278228B2004D33AC /* Project object */;
			proxyType = 1;
			remoteGlobalIDString = 58F34D21278228B2004D33AC;
			remoteInfo = TransartistryApp;
		};
/* End PBXContainerItemProxy section */

/* Begin PBXFileReference section */
		20CFC85B6ED639265958937E /* Pods-TransartistryApp.release.xcconfig */ = {isa = PBXFileReference; includeInIndex = 1; lastKnownFileType = text.xcconfig; name = "Pods-TransartistryApp.release.xcconfig"; path = "Target Support Files/Pods-TransartistryApp/Pods-TransartistryApp.release.xcconfig"; sourceTree = "<group>"; };
		315D4FD1B22BBA75C4F00E55 /* Pods-TransartistryApp-TransartistryAppUITests.debug.xcconfig */ = {isa = PBXFileReference; includeInIndex = 1; lastKnownFileType = text.xcconfig; name = "Pods-TransartistryApp-TransartistryAppUITests.debug.xcconfig"; path = "Target Support Files/Pods-TransartistryApp-TransartistryAppUITests/Pods-TransartistryApp-TransartistryAppUITests.debug.xcconfig"; sourceTree = "<group>"; };
		343ECC07083EE0830FA64F75 /* Pods_TransartistryApp_TransartistryAppUITests.framework */ = {isa = PBXFileReference; explicitFileType = wrapper.framework; includeInIndex = 0; path = Pods_TransartistryApp_TransartistryAppUITests.framework; sourceTree = BUILT_PRODUCTS_DIR; };
		42F842A5D4C6FA364344079C /* Pods-TransartistryAppTests.release.xcconfig */ = {isa = PBXFileReference; includeInIndex = 1; lastKnownFileType = text.xcconfig; name = "Pods-TransartistryAppTests.release.xcconfig"; path = "Target Support Files/Pods-TransartistryAppTests/Pods-TransartistryAppTests.release.xcconfig"; sourceTree = "<group>"; };
		542B80ABD5BD34796AC4EEC3 /* Pods-TransartistryAppTests.debug.xcconfig */ = {isa = PBXFileReference; includeInIndex = 1; lastKnownFileType = text.xcconfig; name = "Pods-TransartistryAppTests.debug.xcconfig"; path = "Target Support Files/Pods-TransartistryAppTests/Pods-TransartistryAppTests.debug.xcconfig"; sourceTree = "<group>"; };
		580A3ABF2985754300A8981D /* ApplicationRouter.swift */ = {isa = PBXFileReference; lastKnownFileType = sourcecode.swift; path = ApplicationRouter.swift; sourceTree = "<group>"; };
		580A3AC32985758600A8981D /* ApplicationCoordinator.swift */ = {isa = PBXFileReference; lastKnownFileType = sourcecode.swift; path = ApplicationCoordinator.swift; sourceTree = "<group>"; };
		5818BA322989BFFF0080F8EB /* UIStackView+Subviews.swift */ = {isa = PBXFileReference; lastKnownFileType = sourcecode.swift; path = "UIStackView+Subviews.swift"; sourceTree = "<group>"; };
		5818BA352989C6FE0080F8EB /* Closures.swift */ = {isa = PBXFileReference; lastKnownFileType = sourcecode.swift; path = Closures.swift; sourceTree = "<group>"; };
		5818BA372989CFE50080F8EB /* MainScreenViewModelOutlets.swift */ = {isa = PBXFileReference; lastKnownFileType = sourcecode.swift; path = MainScreenViewModelOutlets.swift; sourceTree = "<group>"; };
		5818BA3C298B04110080F8EB /* PhotoPickerController.swift */ = {isa = PBXFileReference; lastKnownFileType = sourcecode.swift; path = PhotoPickerController.swift; sourceTree = "<group>"; };
		5818BA3E298B04240080F8EB /* PhotoPickerModuleAssembly.swift */ = {isa = PBXFileReference; lastKnownFileType = sourcecode.swift; path = PhotoPickerModuleAssembly.swift; sourceTree = "<group>"; };
		5818BA41298B044A0080F8EB /* PhotoPickerFlowFactory.swift */ = {isa = PBXFileReference; lastKnownFileType = sourcecode.swift; path = PhotoPickerFlowFactory.swift; sourceTree = "<group>"; };
		5818BA43298BE6E20080F8EB /* BaseModule.swift */ = {isa = PBXFileReference; lastKnownFileType = sourcecode.swift; path = BaseModule.swift; sourceTree = "<group>"; };
		582B64E32980622E004D76EB /* Bindable.swift */ = {isa = PBXFileReference; lastKnownFileType = sourcecode.swift; path = Bindable.swift; sourceTree = "<group>"; };
		582B64E5298062C1004D76EB /* ViewLayerConfigurable.swift */ = {isa = PBXFileReference; lastKnownFileType = sourcecode.swift; path = ViewLayerConfigurable.swift; sourceTree = "<group>"; };
		582B64EA29817DFC004D76EB /* BaseView.swift */ = {isa = PBXFileReference; lastKnownFileType = sourcecode.swift; path = BaseView.swift; sourceTree = "<group>"; };
		582B64EC298181C8004D76EB /* BaseViewModel.swift */ = {isa = PBXFileReference; lastKnownFileType = sourcecode.swift; path = BaseViewModel.swift; sourceTree = "<group>"; };
		582B64EF298181FF004D76EB /* ViewModelConfigurable.swift */ = {isa = PBXFileReference; lastKnownFileType = sourcecode.swift; path = ViewModelConfigurable.swift; sourceTree = "<group>"; };
		582B64F1298187E9004D76EB /* ViewModelOutlets.swift */ = {isa = PBXFileReference; lastKnownFileType = sourcecode.swift; path = ViewModelOutlets.swift; sourceTree = "<group>"; };
		582B64F329818B03004D76EB /* BaseViewController.swift */ = {isa = PBXFileReference; lastKnownFileType = sourcecode.swift; path = BaseViewController.swift; sourceTree = "<group>"; };
		582B64F62981BF4A004D76EB /* BaseConfigurableViewController.swift */ = {isa = PBXFileReference; lastKnownFileType = sourcecode.swift; path = BaseConfigurableViewController.swift; sourceTree = "<group>"; };
		582B64F82981E1EF004D76EB /* BaseCustomViewController.swift */ = {isa = PBXFileReference; lastKnownFileType = sourcecode.swift; path = BaseCustomViewController.swift; sourceTree = "<group>"; };
		5848C84C29859E780055AD99 /* DisposeBagHolder.swift */ = {isa = PBXFileReference; lastKnownFileType = sourcecode.swift; path = DisposeBagHolder.swift; sourceTree = "<group>"; };
		5848C8522985A1660055AD99 /* MainScreenCoordinator.swift */ = {isa = PBXFileReference; lastKnownFileType = sourcecode.swift; path = MainScreenCoordinator.swift; sourceTree = "<group>"; };
		5848C8592985AB0D0055AD99 /* MainScreenModuleAssembly.swift */ = {isa = PBXFileReference; lastKnownFileType = sourcecode.swift; path = MainScreenModuleAssembly.swift; sourceTree = "<group>"; };
		5848C85B2985AC980055AD99 /* MainScreenViewModel.swift */ = {isa = PBXFileReference; lastKnownFileType = sourcecode.swift; path = MainScreenViewModel.swift; sourceTree = "<group>"; };
		5848C85D2985ACDB0055AD99 /* MainScreenViewController.swift */ = {isa = PBXFileReference; lastKnownFileType = sourcecode.swift; path = MainScreenViewController.swift; sourceTree = "<group>"; };
		5848C85F2985ACE80055AD99 /* MainScreenView.swift */ = {isa = PBXFileReference; lastKnownFileType = sourcecode.swift; path = MainScreenView.swift; sourceTree = "<group>"; };
		5848C8612985AEA60055AD99 /* MainScreenFlowFactory.swift */ = {isa = PBXFileReference; lastKnownFileType = sourcecode.swift; path = MainScreenFlowFactory.swift; sourceTree = "<group>"; };
		5848C863298816350055AD99 /* WrapperView.swift */ = {isa = PBXFileReference; lastKnownFileType = sourcecode.swift; path = WrapperView.swift; sourceTree = "<group>"; };
		5848C86829881B3A0055AD99 /* UIView+SubviewsAdding.swift */ = {isa = PBXFileReference; lastKnownFileType = sourcecode.swift; path = "UIView+SubviewsAdding.swift"; sourceTree = "<group>"; };
		5848C86B29881C430055AD99 /* UIImage+Sources.swift */ = {isa = PBXFileReference; lastKnownFileType = sourcecode.swift; path = "UIImage+Sources.swift"; sourceTree = "<group>"; };
		5848C86D29883EF70055AD99 /* UIView+SafeArea.swift */ = {isa = PBXFileReference; lastKnownFileType = sourcecode.swift; path = "UIView+SafeArea.swift"; sourceTree = "<group>"; };
		5848C871298867860055AD99 /* UIFont+Weights.swift */ = {isa = PBXFileReference; lastKnownFileType = sourcecode.swift; path = "UIFont+Weights.swift"; sourceTree = "<group>"; };
		5848C874298869090055AD99 /* NSAttributedString+Extension.swift */ = {isa = PBXFileReference; lastKnownFileType = sourcecode.swift; path = "NSAttributedString+Extension.swift"; sourceTree = "<group>"; };
		5848C87C298880FF0055AD99 /* String+Localizing.swift */ = {isa = PBXFileReference; lastKnownFileType = sourcecode.swift; path = "String+Localizing.swift"; sourceTree = "<group>"; };
		5848C87E2988817B0055AD99 /* String+Shortcuts.swift */ = {isa = PBXFileReference; lastKnownFileType = sourcecode.swift; path = "String+Shortcuts.swift"; sourceTree = "<group>"; };
		5848C881298884510055AD99 /* UIColor+Palette.swift */ = {isa = PBXFileReference; lastKnownFileType = sourcecode.swift; path = "UIColor+Palette.swift"; sourceTree = "<group>"; };
		5848C884298977B40055AD99 /* Constants+BasicInsets.swift */ = {isa = PBXFileReference; lastKnownFileType = sourcecode.swift; path = "Constants+BasicInsets.swift"; sourceTree = "<group>"; };
		5848C887298978B60055AD99 /* Constants+Radius.swift */ = {isa = PBXFileReference; lastKnownFileType = sourcecode.swift; path = "Constants+Radius.swift"; sourceTree = "<group>"; };
		5848C889298979470055AD99 /* Constants+Heights.swift */ = {isa = PBXFileReference; lastKnownFileType = sourcecode.swift; path = "Constants+Heights.swift"; sourceTree = "<group>"; };
		5891905C2785196F00868307 /* en */ = {isa = PBXFileReference; lastKnownFileType = text.plist.strings; name = en; path = en.lproj/Localizable.strings; sourceTree = "<group>"; };
		5891906D278799DA00868307 /* ru */ = {isa = PBXFileReference; lastKnownFileType = text.plist.strings; name = ru; path = ru.lproj/Localizable.strings; sourceTree = "<group>"; };
		58AAD964299564840072B764 /* Photo.swift */ = {isa = PBXFileReference; lastKnownFileType = sourcecode.swift; path = Photo.swift; sourceTree = "<group>"; };
		58AAD966299598790072B764 /* UIImage+Data.swift */ = {isa = PBXFileReference; lastKnownFileType = sourcecode.swift; path = "UIImage+Data.swift"; sourceTree = "<group>"; };
		58AAD9692996771A0072B764 /* PhotoDistributor.swift */ = {isa = PBXFileReference; lastKnownFileType = sourcecode.swift; path = PhotoDistributor.swift; sourceTree = "<group>"; };
		58AE4A15299A877800755611 /* PhotoPickerManager.swift */ = {isa = PBXFileReference; lastKnownFileType = sourcecode.swift; path = PhotoPickerManager.swift; sourceTree = "<group>"; };
		58AE4A17299A88C900755611 /* PhotoPickerParameters.swift */ = {isa = PBXFileReference; lastKnownFileType = sourcecode.swift; path = PhotoPickerParameters.swift; sourceTree = "<group>"; };
		58D7A358299A9FAE0004BB74 /* Distributor.swift */ = {isa = PBXFileReference; lastKnownFileType = sourcecode.swift; path = Distributor.swift; sourceTree = "<group>"; };
		58F34D22278228B3004D33AC /* TransartistryApp.app */ = {isa = PBXFileReference; explicitFileType = wrapper.application; includeInIndex = 0; path = TransartistryApp.app; sourceTree = BUILT_PRODUCTS_DIR; };
		58F34D25278228B3004D33AC /* AppDelegate.swift */ = {isa = PBXFileReference; lastKnownFileType = sourcecode.swift; path = AppDelegate.swift; sourceTree = "<group>"; };
		58F34D27278228B3004D33AC /* SceneDelegate.swift */ = {isa = PBXFileReference; lastKnownFileType = sourcecode.swift; path = SceneDelegate.swift; sourceTree = "<group>"; };
		58F34D2E278228B5004D33AC /* Assets.xcassets */ = {isa = PBXFileReference; lastKnownFileType = folder.assetcatalog; path = Assets.xcassets; sourceTree = "<group>"; };
		58F34D31278228B5004D33AC /* Base */ = {isa = PBXFileReference; lastKnownFileType = file.storyboard; name = Base; path = Base.lproj/LaunchScreen.storyboard; sourceTree = "<group>"; };
		58F34D33278228B5004D33AC /* Info.plist */ = {isa = PBXFileReference; lastKnownFileType = text.plist.xml; path = Info.plist; sourceTree = "<group>"; };
		58F34D38278228B5004D33AC /* TransartistryAppTests.xctest */ = {isa = PBXFileReference; explicitFileType = wrapper.cfbundle; includeInIndex = 0; path = TransartistryAppTests.xctest; sourceTree = BUILT_PRODUCTS_DIR; };
		58F34D3C278228B5004D33AC /* TransartistryAppTests.swift */ = {isa = PBXFileReference; lastKnownFileType = sourcecode.swift; path = TransartistryAppTests.swift; sourceTree = "<group>"; };
		58F34D42278228B5004D33AC /* TransartistryAppUITests.xctest */ = {isa = PBXFileReference; explicitFileType = wrapper.cfbundle; includeInIndex = 0; path = TransartistryAppUITests.xctest; sourceTree = BUILT_PRODUCTS_DIR; };
		58F34D46278228B5004D33AC /* TransartistryAppUITests.swift */ = {isa = PBXFileReference; lastKnownFileType = sourcecode.swift; path = TransartistryAppUITests.swift; sourceTree = "<group>"; };
		58F34D48278228B5004D33AC /* TransartistryAppUITestsLaunchTests.swift */ = {isa = PBXFileReference; lastKnownFileType = sourcecode.swift; path = TransartistryAppUITestsLaunchTests.swift; sourceTree = "<group>"; };
		7CCF561616755555CEA0730B /* Pods-TransartistryApp.debug.xcconfig */ = {isa = PBXFileReference; includeInIndex = 1; lastKnownFileType = text.xcconfig; name = "Pods-TransartistryApp.debug.xcconfig"; path = "Target Support Files/Pods-TransartistryApp/Pods-TransartistryApp.debug.xcconfig"; sourceTree = "<group>"; };
		A43BD0876E76B22A813A0F7C /* Pods_TransartistryApp.framework */ = {isa = PBXFileReference; explicitFileType = wrapper.framework; includeInIndex = 0; path = Pods_TransartistryApp.framework; sourceTree = BUILT_PRODUCTS_DIR; };
		A9E0F1FA753D75C9F8B1D39D /* Pods_TransartistryAppTests.framework */ = {isa = PBXFileReference; explicitFileType = wrapper.framework; includeInIndex = 0; path = Pods_TransartistryAppTests.framework; sourceTree = BUILT_PRODUCTS_DIR; };
		FBBE62FE00FB40362FB8A0A5 /* Pods-TransartistryApp-TransartistryAppUITests.release.xcconfig */ = {isa = PBXFileReference; includeInIndex = 1; lastKnownFileType = text.xcconfig; name = "Pods-TransartistryApp-TransartistryAppUITests.release.xcconfig"; path = "Target Support Files/Pods-TransartistryApp-TransartistryAppUITests/Pods-TransartistryApp-TransartistryAppUITests.release.xcconfig"; sourceTree = "<group>"; };
/* End PBXFileReference section */

/* Begin PBXFrameworksBuildPhase section */
		58F34D1F278228B2004D33AC /* Frameworks */ = {
			isa = PBXFrameworksBuildPhase;
			buildActionMask = 2147483647;
			files = (
				F27EB0EAFE8BE9D9B0C7C3C3 /* Pods_TransartistryApp.framework in Frameworks */,
			);
			runOnlyForDeploymentPostprocessing = 0;
		};
		58F34D35278228B5004D33AC /* Frameworks */ = {
			isa = PBXFrameworksBuildPhase;
			buildActionMask = 2147483647;
			files = (
				7FBCC8FD14717C82F56C81E1 /* Pods_TransartistryAppTests.framework in Frameworks */,
			);
			runOnlyForDeploymentPostprocessing = 0;
		};
		58F34D3F278228B5004D33AC /* Frameworks */ = {
			isa = PBXFrameworksBuildPhase;
			buildActionMask = 2147483647;
			files = (
				82BB20C6C1A5656B30A46120 /* Pods_TransartistryApp_TransartistryAppUITests.framework in Frameworks */,
			);
			runOnlyForDeploymentPostprocessing = 0;
		};
/* End PBXFrameworksBuildPhase section */

/* Begin PBXGroup section */
		580A3ABE2985752300A8981D /* ApplicationLayer */ = {
			isa = PBXGroup;
			children = (
				580A3AC5298575B400A8981D /* AppDelegate */,
				580A3AC22985757600A8981D /* ApplicationCoordinator */,
				580A3AC12985754A00A8981D /* ApplicationRouter */,
			);
			path = ApplicationLayer;
			sourceTree = "<group>";
		};
		580A3AC12985754A00A8981D /* ApplicationRouter */ = {
			isa = PBXGroup;
			children = (
				580A3ABF2985754300A8981D /* ApplicationRouter.swift */,
			);
			path = ApplicationRouter;
			sourceTree = "<group>";
		};
		580A3AC22985757600A8981D /* ApplicationCoordinator */ = {
			isa = PBXGroup;
			children = (
				580A3AC32985758600A8981D /* ApplicationCoordinator.swift */,
			);
			path = ApplicationCoordinator;
			sourceTree = "<group>";
		};
		580A3AC5298575B400A8981D /* AppDelegate */ = {
			isa = PBXGroup;
			children = (
				58F34D25278228B3004D33AC /* AppDelegate.swift */,
			);
			path = AppDelegate;
			sourceTree = "<group>";
		};
		5818BA312989BFE40080F8EB /* UIStackView */ = {
			isa = PBXGroup;
			children = (
				5818BA322989BFFF0080F8EB /* UIStackView+Subviews.swift */,
			);
			path = UIStackView;
			sourceTree = "<group>";
		};
		5818BA342989C6F00080F8EB /* Closures */ = {
			isa = PBXGroup;
			children = (
				5818BA352989C6FE0080F8EB /* Closures.swift */,
			);
			path = Closures;
			sourceTree = "<group>";
		};
		5818BA39298B039B0080F8EB /* PhotoPickerModule */ = {
			isa = PBXGroup;
			children = (
				5818BA3A298B03F80080F8EB /* Assembly */,
				5818BA3B298B04000080F8EB /* View */,
			);
			path = PhotoPickerModule;
			sourceTree = "<group>";
		};
		5818BA3A298B03F80080F8EB /* Assembly */ = {
			isa = PBXGroup;
			children = (
				5818BA3E298B04240080F8EB /* PhotoPickerModuleAssembly.swift */,
			);
			path = Assembly;
			sourceTree = "<group>";
		};
		5818BA3B298B04000080F8EB /* View */ = {
			isa = PBXGroup;
			children = (
				5818BA3C298B04110080F8EB /* PhotoPickerController.swift */,
			);
			path = View;
			sourceTree = "<group>";
		};
		5818BA40298B042E0080F8EB /* PhotoPicker */ = {
			isa = PBXGroup;
			children = (
				5818BA41298B044A0080F8EB /* PhotoPickerFlowFactory.swift */,
			);
			path = PhotoPicker;
			sourceTree = "<group>";
		};
		582B64DE29806091004D76EB /* PresentationLayer */ = {
			isa = PBXGroup;
			children = (
				5848C8542985A2580055AD99 /* Modules */,
				5848C84E2985A1260055AD99 /* Flows */,
				582B64DF298060AE004D76EB /* Base */,
			);
			path = PresentationLayer;
			sourceTree = "<group>";
		};
		582B64DF298060AE004D76EB /* Base */ = {
			isa = PBXGroup;
			children = (
				582B64F529818B08004D76EB /* BaseViewController */,
				582B64EE298181D3004D76EB /* BaseViewModel */,
				582B64E929817DAE004D76EB /* BaseView */,
				582B64E0298060BB004D76EB /* BaseProtocols */,
			);
			path = Base;
			sourceTree = "<group>";
		};
		582B64E0298060BB004D76EB /* BaseProtocols */ = {
			isa = PBXGroup;
			children = (
				582B64E32980622E004D76EB /* Bindable.swift */,
				582B64E5298062C1004D76EB /* ViewLayerConfigurable.swift */,
				582B64EF298181FF004D76EB /* ViewModelConfigurable.swift */,
				582B64F1298187E9004D76EB /* ViewModelOutlets.swift */,
				5848C84C29859E780055AD99 /* DisposeBagHolder.swift */,
				5818BA43298BE6E20080F8EB /* BaseModule.swift */,
			);
			path = BaseProtocols;
			sourceTree = "<group>";
		};
		582B64E929817DAE004D76EB /* BaseView */ = {
			isa = PBXGroup;
			children = (
				582B64EA29817DFC004D76EB /* BaseView.swift */,
				5848C863298816350055AD99 /* WrapperView.swift */,
			);
			path = BaseView;
			sourceTree = "<group>";
		};
		582B64EE298181D3004D76EB /* BaseViewModel */ = {
			isa = PBXGroup;
			children = (
				582B64EC298181C8004D76EB /* BaseViewModel.swift */,
			);
			path = BaseViewModel;
			sourceTree = "<group>";
		};
		582B64F529818B08004D76EB /* BaseViewController */ = {
			isa = PBXGroup;
			children = (
				582B64F329818B03004D76EB /* BaseViewController.swift */,
				582B64F62981BF4A004D76EB /* BaseConfigurableViewController.swift */,
				582B64F82981E1EF004D76EB /* BaseCustomViewController.swift */,
			);
			path = BaseViewController;
			sourceTree = "<group>";
		};
		5848C84E2985A1260055AD99 /* Flows */ = {
			isa = PBXGroup;
			children = (
				5818BA40298B042E0080F8EB /* PhotoPicker */,
				5848C8512985A1500055AD99 /* MainScreen */,
			);
			path = Flows;
			sourceTree = "<group>";
		};
		5848C8512985A1500055AD99 /* MainScreen */ = {
			isa = PBXGroup;
			children = (
				5848C8522985A1660055AD99 /* MainScreenCoordinator.swift */,
				5848C8612985AEA60055AD99 /* MainScreenFlowFactory.swift */,
			);
			path = MainScreen;
			sourceTree = "<group>";
		};
		5848C8542985A2580055AD99 /* Modules */ = {
			isa = PBXGroup;
			children = (
				5848C8552985A2630055AD99 /* MainScreenModule */,
				5818BA39298B039B0080F8EB /* PhotoPickerModule */,
			);
			path = Modules;
			sourceTree = "<group>";
		};
		5848C8552985A2630055AD99 /* MainScreenModule */ = {
			isa = PBXGroup;
			children = (
				5848C8562985A26F0055AD99 /* Assembly */,
				5848C8582985A27F0055AD99 /* View */,
				5848C8572985A2790055AD99 /* ViewModel */,
			);
			path = MainScreenModule;
			sourceTree = "<group>";
		};
		5848C8562985A26F0055AD99 /* Assembly */ = {
			isa = PBXGroup;
			children = (
				5848C8592985AB0D0055AD99 /* MainScreenModuleAssembly.swift */,
			);
			path = Assembly;
			sourceTree = "<group>";
		};
		5848C8572985A2790055AD99 /* ViewModel */ = {
			isa = PBXGroup;
			children = (
				5848C85B2985AC980055AD99 /* MainScreenViewModel.swift */,
				5818BA372989CFE50080F8EB /* MainScreenViewModelOutlets.swift */,
			);
			path = ViewModel;
			sourceTree = "<group>";
		};
		5848C8582985A27F0055AD99 /* View */ = {
			isa = PBXGroup;
			children = (
				5848C85D2985ACDB0055AD99 /* MainScreenViewController.swift */,
				5848C85F2985ACE80055AD99 /* MainScreenView.swift */,
			);
			path = View;
			sourceTree = "<group>";
		};
		5848C86729881B1E0055AD99 /* UIView */ = {
			isa = PBXGroup;
			children = (
				5848C86829881B3A0055AD99 /* UIView+SubviewsAdding.swift */,
				5848C86D29883EF70055AD99 /* UIView+SafeArea.swift */,
			);
			path = UIView;
			sourceTree = "<group>";
		};
		5848C86A29881BE00055AD99 /* UIImage */ = {
			isa = PBXGroup;
			children = (
				5848C86B29881C430055AD99 /* UIImage+Sources.swift */,
				58AAD966299598790072B764 /* UIImage+Data.swift */,
			);
			path = UIImage;
			sourceTree = "<group>";
		};
		5848C8702988674D0055AD99 /* UIFont */ = {
			isa = PBXGroup;
			children = (
				5848C871298867860055AD99 /* UIFont+Weights.swift */,
			);
			path = UIFont;
			sourceTree = "<group>";
		};
		5848C873298868ED0055AD99 /* NSAttributedString */ = {
			isa = PBXGroup;
			children = (
				5848C874298869090055AD99 /* NSAttributedString+Extension.swift */,
			);
			path = NSAttributedString;
			sourceTree = "<group>";
		};
		5848C87B298880E10055AD99 /* String */ = {
			isa = PBXGroup;
			children = (
				5848C87C298880FF0055AD99 /* String+Localizing.swift */,
				5848C87E2988817B0055AD99 /* String+Shortcuts.swift */,
			);
			path = String;
			sourceTree = "<group>";
		};
		5848C8802988843B0055AD99 /* UIColor */ = {
			isa = PBXGroup;
			children = (
				5848C881298884510055AD99 /* UIColor+Palette.swift */,
			);
			path = UIColor;
			sourceTree = "<group>";
		};
		5848C883298977770055AD99 /* Utills */ = {
			isa = PBXGroup;
			children = (
				5818BA342989C6F00080F8EB /* Closures */,
				5848C886298977EF0055AD99 /* Constants */,
			);
			path = Utills;
			sourceTree = "<group>";
		};
		5848C886298977EF0055AD99 /* Constants */ = {
			isa = PBXGroup;
			children = (
				5848C884298977B40055AD99 /* Constants+BasicInsets.swift */,
				5848C887298978B60055AD99 /* Constants+Radius.swift */,
				5848C889298979470055AD99 /* Constants+Heights.swift */,
			);
			path = Constants;
			sourceTree = "<group>";
		};
		589190502784BEFB00868307 /* Extension */ = {
			isa = PBXGroup;
			children = (
				5818BA312989BFE40080F8EB /* UIStackView */,
				5848C8802988843B0055AD99 /* UIColor */,
				5848C87B298880E10055AD99 /* String */,
				5848C873298868ED0055AD99 /* NSAttributedString */,
				5848C8702988674D0055AD99 /* UIFont */,
				5848C86A29881BE00055AD99 /* UIImage */,
				5848C86729881B1E0055AD99 /* UIView */,
			);
			path = Extension;
			sourceTree = "<group>";
		};
		58AAD961299564570072B764 /* Common */ = {
			isa = PBXGroup;
			children = (
				58AAD9632995646E0072B764 /* Models */,
			);
			path = Common;
			sourceTree = "<group>";
		};
		58AAD9632995646E0072B764 /* Models */ = {
			isa = PBXGroup;
			children = (
				58D7A357299A9FA30004BB74 /* Distributor */,
				58AAD968299676F70072B764 /* Photo */,
			);
			path = Models;
			sourceTree = "<group>";
		};
		58AAD968299676F70072B764 /* Photo */ = {
			isa = PBXGroup;
			children = (
				58AAD964299564840072B764 /* Photo.swift */,
				58AAD9692996771A0072B764 /* PhotoDistributor.swift */,
				58AE4A15299A877800755611 /* PhotoPickerManager.swift */,
				58AE4A17299A88C900755611 /* PhotoPickerParameters.swift */,
			);
			path = Photo;
			sourceTree = "<group>";
		};
		58C12DD82782367200D9BB12 /* Supporting Files */ = {
			isa = PBXGroup;
			children = (
				58F34D27278228B3004D33AC /* SceneDelegate.swift */,
				58F34D30278228B5004D33AC /* LaunchScreen.storyboard */,
				58F34D33278228B5004D33AC /* Info.plist */,
				5891905D2785196F00868307 /* Localizable.strings */,
			);
			path = "Supporting Files";
			sourceTree = "<group>";
		};
		58C12DD9278236A800D9BB12 /* Resources */ = {
			isa = PBXGroup;
			children = (
				58F34D2E278228B5004D33AC /* Assets.xcassets */,
			);
			path = Resources;
			sourceTree = "<group>";
		};
		58D7A357299A9FA30004BB74 /* Distributor */ = {
			isa = PBXGroup;
			children = (
				58D7A358299A9FAE0004BB74 /* Distributor.swift */,
			);
			path = Distributor;
			sourceTree = "<group>";
		};
		58F34D19278228B2004D33AC = {
			isa = PBXGroup;
			children = (
				58F34D24278228B3004D33AC /* TransartistryApp */,
				58F34D3B278228B5004D33AC /* TransartistryAppTests */,
				58F34D45278228B5004D33AC /* TransartistryAppUITests */,
				58F34D23278228B3004D33AC /* Products */,
				5A2EF83BE33D35A7C65CB3A0 /* Pods */,
				AF070EF263803D57E726D163 /* Frameworks */,
			);
			sourceTree = "<group>";
		};
		58F34D23278228B3004D33AC /* Products */ = {
			isa = PBXGroup;
			children = (
				58F34D22278228B3004D33AC /* TransartistryApp.app */,
				58F34D38278228B5004D33AC /* TransartistryAppTests.xctest */,
				58F34D42278228B5004D33AC /* TransartistryAppUITests.xctest */,
			);
			name = Products;
			sourceTree = "<group>";
		};
		58F34D24278228B3004D33AC /* TransartistryApp */ = {
			isa = PBXGroup;
			children = (
				58AAD961299564570072B764 /* Common */,
				5848C883298977770055AD99 /* Utills */,
				580A3ABE2985752300A8981D /* ApplicationLayer */,
				582B64DE29806091004D76EB /* PresentationLayer */,
				589190502784BEFB00868307 /* Extension */,
				58C12DD82782367200D9BB12 /* Supporting Files */,
				58C12DD9278236A800D9BB12 /* Resources */,
			);
			path = TransartistryApp;
			sourceTree = "<group>";
		};
		58F34D3B278228B5004D33AC /* TransartistryAppTests */ = {
			isa = PBXGroup;
			children = (
				58F34D3C278228B5004D33AC /* TransartistryAppTests.swift */,
			);
			path = TransartistryAppTests;
			sourceTree = "<group>";
		};
		58F34D45278228B5004D33AC /* TransartistryAppUITests */ = {
			isa = PBXGroup;
			children = (
				58F34D46278228B5004D33AC /* TransartistryAppUITests.swift */,
				58F34D48278228B5004D33AC /* TransartistryAppUITestsLaunchTests.swift */,
			);
			path = TransartistryAppUITests;
			sourceTree = "<group>";
		};
		5A2EF83BE33D35A7C65CB3A0 /* Pods */ = {
			isa = PBXGroup;
			children = (
				7CCF561616755555CEA0730B /* Pods-TransartistryApp.debug.xcconfig */,
				20CFC85B6ED639265958937E /* Pods-TransartistryApp.release.xcconfig */,
				315D4FD1B22BBA75C4F00E55 /* Pods-TransartistryApp-TransartistryAppUITests.debug.xcconfig */,
				FBBE62FE00FB40362FB8A0A5 /* Pods-TransartistryApp-TransartistryAppUITests.release.xcconfig */,
				542B80ABD5BD34796AC4EEC3 /* Pods-TransartistryAppTests.debug.xcconfig */,
				42F842A5D4C6FA364344079C /* Pods-TransartistryAppTests.release.xcconfig */,
			);
			path = Pods;
			sourceTree = "<group>";
		};
		AF070EF263803D57E726D163 /* Frameworks */ = {
			isa = PBXGroup;
			children = (
				A43BD0876E76B22A813A0F7C /* Pods_TransartistryApp.framework */,
				343ECC07083EE0830FA64F75 /* Pods_TransartistryApp_TransartistryAppUITests.framework */,
				A9E0F1FA753D75C9F8B1D39D /* Pods_TransartistryAppTests.framework */,
			);
			name = Frameworks;
			sourceTree = "<group>";
		};
/* End PBXGroup section */

/* Begin PBXNativeTarget section */
		58F34D21278228B2004D33AC /* TransartistryApp */ = {
			isa = PBXNativeTarget;
			buildConfigurationList = 58F34D4C278228B5004D33AC /* Build configuration list for PBXNativeTarget "TransartistryApp" */;
			buildPhases = (
				0DB20BA9C2DDFB9DD4BEE691 /* [CP] Check Pods Manifest.lock */,
				58F34D1E278228B2004D33AC /* Sources */,
				58F34D1F278228B2004D33AC /* Frameworks */,
				58F34D20278228B2004D33AC /* Resources */,
				58919048278264B400868307 /* ShellScript */,
				15D3C9B1900C50AEBF5F4514 /* [CP] Embed Pods Frameworks */,
			);
			buildRules = (
			);
			dependencies = (
			);
			name = TransartistryApp;
			productName = TransartistryApp;
			productReference = 58F34D22278228B3004D33AC /* TransartistryApp.app */;
			productType = "com.apple.product-type.application";
		};
		58F34D37278228B5004D33AC /* TransartistryAppTests */ = {
			isa = PBXNativeTarget;
			buildConfigurationList = 58F34D4F278228B5004D33AC /* Build configuration list for PBXNativeTarget "TransartistryAppTests" */;
			buildPhases = (
				556D341184E9B94F1C3F808C /* [CP] Check Pods Manifest.lock */,
				58F34D34278228B5004D33AC /* Sources */,
				58F34D35278228B5004D33AC /* Frameworks */,
				58F34D36278228B5004D33AC /* Resources */,
			);
			buildRules = (
			);
			dependencies = (
				58F34D3A278228B5004D33AC /* PBXTargetDependency */,
			);
			name = TransartistryAppTests;
			productName = TransartistryAppTests;
			productReference = 58F34D38278228B5004D33AC /* TransartistryAppTests.xctest */;
			productType = "com.apple.product-type.bundle.unit-test";
		};
		58F34D41278228B5004D33AC /* TransartistryAppUITests */ = {
			isa = PBXNativeTarget;
			buildConfigurationList = 58F34D52278228B5004D33AC /* Build configuration list for PBXNativeTarget "TransartistryAppUITests" */;
			buildPhases = (
				230860B85C4269AEBCF05CA3 /* [CP] Check Pods Manifest.lock */,
				58F34D3E278228B5004D33AC /* Sources */,
				58F34D3F278228B5004D33AC /* Frameworks */,
				58F34D40278228B5004D33AC /* Resources */,
				B23FF85123D509EB0B06B9A6 /* [CP] Embed Pods Frameworks */,
			);
			buildRules = (
			);
			dependencies = (
				58F34D44278228B5004D33AC /* PBXTargetDependency */,
			);
			name = TransartistryAppUITests;
			productName = TransartistryAppUITests;
			productReference = 58F34D42278228B5004D33AC /* TransartistryAppUITests.xctest */;
			productType = "com.apple.product-type.bundle.ui-testing";
		};
/* End PBXNativeTarget section */

/* Begin PBXProject section */
		58F34D1A278228B2004D33AC /* Project object */ = {
			isa = PBXProject;
			attributes = {
				BuildIndependentTargetsInParallel = 1;
				LastSwiftUpdateCheck = 1320;
				LastUpgradeCheck = 1320;
				TargetAttributes = {
					58F34D21278228B2004D33AC = {
						CreatedOnToolsVersion = 13.2.1;
					};
					58F34D37278228B5004D33AC = {
						CreatedOnToolsVersion = 13.2.1;
						TestTargetID = 58F34D21278228B2004D33AC;
					};
					58F34D41278228B5004D33AC = {
						CreatedOnToolsVersion = 13.2.1;
						TestTargetID = 58F34D21278228B2004D33AC;
					};
				};
			};
			buildConfigurationList = 58F34D1D278228B2004D33AC /* Build configuration list for PBXProject "TransartistryApp" */;
			compatibilityVersion = "Xcode 13.0";
			developmentRegion = en;
			hasScannedForEncodings = 0;
			knownRegions = (
				en,
				Base,
				ru,
			);
			mainGroup = 58F34D19278228B2004D33AC;
			productRefGroup = 58F34D23278228B3004D33AC /* Products */;
			projectDirPath = "";
			projectRoot = "";
			targets = (
				58F34D21278228B2004D33AC /* TransartistryApp */,
				58F34D37278228B5004D33AC /* TransartistryAppTests */,
				58F34D41278228B5004D33AC /* TransartistryAppUITests */,
			);
		};
/* End PBXProject section */

/* Begin PBXResourcesBuildPhase section */
		58F34D20278228B2004D33AC /* Resources */ = {
			isa = PBXResourcesBuildPhase;
			buildActionMask = 2147483647;
			files = (
				58F34D32278228B5004D33AC /* LaunchScreen.storyboard in Resources */,
				5891905B2785196F00868307 /* Localizable.strings in Resources */,
				58F34D2F278228B5004D33AC /* Assets.xcassets in Resources */,
			);
			runOnlyForDeploymentPostprocessing = 0;
		};
		58F34D36278228B5004D33AC /* Resources */ = {
			isa = PBXResourcesBuildPhase;
			buildActionMask = 2147483647;
			files = (
			);
			runOnlyForDeploymentPostprocessing = 0;
		};
		58F34D40278228B5004D33AC /* Resources */ = {
			isa = PBXResourcesBuildPhase;
			buildActionMask = 2147483647;
			files = (
			);
			runOnlyForDeploymentPostprocessing = 0;
		};
/* End PBXResourcesBuildPhase section */

/* Begin PBXShellScriptBuildPhase section */
		0DB20BA9C2DDFB9DD4BEE691 /* [CP] Check Pods Manifest.lock */ = {
			isa = PBXShellScriptBuildPhase;
			buildActionMask = 2147483647;
			files = (
			);
			inputFileListPaths = (
			);
			inputPaths = (
				"${PODS_PODFILE_DIR_PATH}/Podfile.lock",
				"${PODS_ROOT}/Manifest.lock",
			);
			name = "[CP] Check Pods Manifest.lock";
			outputFileListPaths = (
			);
			outputPaths = (
				"$(DERIVED_FILE_DIR)/Pods-TransartistryApp-checkManifestLockResult.txt",
			);
			runOnlyForDeploymentPostprocessing = 0;
			shellPath = /bin/sh;
			shellScript = "diff \"${PODS_PODFILE_DIR_PATH}/Podfile.lock\" \"${PODS_ROOT}/Manifest.lock\" > /dev/null\nif [ $? != 0 ] ; then\n    # print error to STDERR\n    echo \"error: The sandbox is not in sync with the Podfile.lock. Run 'pod install' or update your CocoaPods installation.\" >&2\n    exit 1\nfi\n# This output is used by Xcode 'outputs' to avoid re-running this script phase.\necho \"SUCCESS\" > \"${SCRIPT_OUTPUT_FILE_0}\"\n";
			showEnvVarsInLog = 0;
		};
		15D3C9B1900C50AEBF5F4514 /* [CP] Embed Pods Frameworks */ = {
			isa = PBXShellScriptBuildPhase;
			buildActionMask = 2147483647;
			files = (
			);
			inputFileListPaths = (
				"${PODS_ROOT}/Target Support Files/Pods-TransartistryApp/Pods-TransartistryApp-frameworks-${CONFIGURATION}-input-files.xcfilelist",
			);
			name = "[CP] Embed Pods Frameworks";
			outputFileListPaths = (
				"${PODS_ROOT}/Target Support Files/Pods-TransartistryApp/Pods-TransartistryApp-frameworks-${CONFIGURATION}-output-files.xcfilelist",
			);
			runOnlyForDeploymentPostprocessing = 0;
			shellPath = /bin/sh;
			shellScript = "\"${PODS_ROOT}/Target Support Files/Pods-TransartistryApp/Pods-TransartistryApp-frameworks.sh\"\n";
			showEnvVarsInLog = 0;
		};
		230860B85C4269AEBCF05CA3 /* [CP] Check Pods Manifest.lock */ = {
			isa = PBXShellScriptBuildPhase;
			buildActionMask = 2147483647;
			files = (
			);
			inputFileListPaths = (
			);
			inputPaths = (
				"${PODS_PODFILE_DIR_PATH}/Podfile.lock",
				"${PODS_ROOT}/Manifest.lock",
			);
			name = "[CP] Check Pods Manifest.lock";
			outputFileListPaths = (
			);
			outputPaths = (
				"$(DERIVED_FILE_DIR)/Pods-TransartistryApp-TransartistryAppUITests-checkManifestLockResult.txt",
			);
			runOnlyForDeploymentPostprocessing = 0;
			shellPath = /bin/sh;
			shellScript = "diff \"${PODS_PODFILE_DIR_PATH}/Podfile.lock\" \"${PODS_ROOT}/Manifest.lock\" > /dev/null\nif [ $? != 0 ] ; then\n    # print error to STDERR\n    echo \"error: The sandbox is not in sync with the Podfile.lock. Run 'pod install' or update your CocoaPods installation.\" >&2\n    exit 1\nfi\n# This output is used by Xcode 'outputs' to avoid re-running this script phase.\necho \"SUCCESS\" > \"${SCRIPT_OUTPUT_FILE_0}\"\n";
			showEnvVarsInLog = 0;
		};
		556D341184E9B94F1C3F808C /* [CP] Check Pods Manifest.lock */ = {
			isa = PBXShellScriptBuildPhase;
			buildActionMask = 2147483647;
			files = (
			);
			inputFileListPaths = (
			);
			inputPaths = (
				"${PODS_PODFILE_DIR_PATH}/Podfile.lock",
				"${PODS_ROOT}/Manifest.lock",
			);
			name = "[CP] Check Pods Manifest.lock";
			outputFileListPaths = (
			);
			outputPaths = (
				"$(DERIVED_FILE_DIR)/Pods-TransartistryAppTests-checkManifestLockResult.txt",
			);
			runOnlyForDeploymentPostprocessing = 0;
			shellPath = /bin/sh;
			shellScript = "diff \"${PODS_PODFILE_DIR_PATH}/Podfile.lock\" \"${PODS_ROOT}/Manifest.lock\" > /dev/null\nif [ $? != 0 ] ; then\n    # print error to STDERR\n    echo \"error: The sandbox is not in sync with the Podfile.lock. Run 'pod install' or update your CocoaPods installation.\" >&2\n    exit 1\nfi\n# This output is used by Xcode 'outputs' to avoid re-running this script phase.\necho \"SUCCESS\" > \"${SCRIPT_OUTPUT_FILE_0}\"\n";
			showEnvVarsInLog = 0;
		};
		58919048278264B400868307 /* ShellScript */ = {
			isa = PBXShellScriptBuildPhase;
			buildActionMask = 2147483647;
			files = (
			);
			inputFileListPaths = (
			);
			inputPaths = (
			);
			outputFileListPaths = (
			);
			outputPaths = (
			);
			runOnlyForDeploymentPostprocessing = 0;
			shellPath = /bin/sh;
			shellScript = "${PODS_ROOT}/SwiftLint/swiftlint\n";
		};
		B23FF85123D509EB0B06B9A6 /* [CP] Embed Pods Frameworks */ = {
			isa = PBXShellScriptBuildPhase;
			buildActionMask = 2147483647;
			files = (
			);
			inputFileListPaths = (
				"${PODS_ROOT}/Target Support Files/Pods-TransartistryApp-TransartistryAppUITests/Pods-TransartistryApp-TransartistryAppUITests-frameworks-${CONFIGURATION}-input-files.xcfilelist",
			);
			name = "[CP] Embed Pods Frameworks";
			outputFileListPaths = (
				"${PODS_ROOT}/Target Support Files/Pods-TransartistryApp-TransartistryAppUITests/Pods-TransartistryApp-TransartistryAppUITests-frameworks-${CONFIGURATION}-output-files.xcfilelist",
			);
			runOnlyForDeploymentPostprocessing = 0;
			shellPath = /bin/sh;
			shellScript = "\"${PODS_ROOT}/Target Support Files/Pods-TransartistryApp-TransartistryAppUITests/Pods-TransartistryApp-TransartistryAppUITests-frameworks.sh\"\n";
			showEnvVarsInLog = 0;
		};
/* End PBXShellScriptBuildPhase section */

/* Begin PBXSourcesBuildPhase section */
		58F34D1E278228B2004D33AC /* Sources */ = {
			isa = PBXSourcesBuildPhase;
			buildActionMask = 2147483647;
			files = (
				582B64F2298187E9004D76EB /* ViewModelOutlets.swift in Sources */,
				5848C87D298880FF0055AD99 /* String+Localizing.swift in Sources */,
				5818BA3F298B04240080F8EB /* PhotoPickerModuleAssembly.swift in Sources */,
				5848C87F2988817B0055AD99 /* String+Shortcuts.swift in Sources */,
				5818BA332989BFFF0080F8EB /* UIStackView+Subviews.swift in Sources */,
				58D7A359299A9FAE0004BB74 /* Distributor.swift in Sources */,
				5848C888298978B60055AD99 /* Constants+Radius.swift in Sources */,
				582B64E6298062C1004D76EB /* ViewLayerConfigurable.swift in Sources */,
				5848C8602985ACE80055AD99 /* MainScreenView.swift in Sources */,
				5848C88A298979470055AD99 /* Constants+Heights.swift in Sources */,
				58AAD965299564840072B764 /* Photo.swift in Sources */,
				5818BA42298B044A0080F8EB /* PhotoPickerFlowFactory.swift in Sources */,
				5848C885298977B40055AD99 /* Constants+BasicInsets.swift in Sources */,
				580A3AC42985758600A8981D /* ApplicationCoordinator.swift in Sources */,
				5848C86E29883EF70055AD99 /* UIView+SafeArea.swift in Sources */,
				582B64F72981BF4A004D76EB /* BaseConfigurableViewController.swift in Sources */,
				5848C85A2985AB0D0055AD99 /* MainScreenModuleAssembly.swift in Sources */,
				58F34D26278228B3004D33AC /* AppDelegate.swift in Sources */,
				582B64F92981E1EF004D76EB /* BaseCustomViewController.swift in Sources */,
				5848C8532985A1660055AD99 /* MainScreenCoordinator.swift in Sources */,
				582B64F0298181FF004D76EB /* ViewModelConfigurable.swift in Sources */,
				58AAD967299598790072B764 /* UIImage+Data.swift in Sources */,
				582B64F429818B03004D76EB /* BaseViewController.swift in Sources */,
				5818BA3D298B04110080F8EB /* PhotoPickerController.swift in Sources */,
				580A3AC02985754300A8981D /* ApplicationRouter.swift in Sources */,
				5848C85C2985AC980055AD99 /* MainScreenViewModel.swift in Sources */,
				5848C864298816350055AD99 /* WrapperView.swift in Sources */,
				582B64ED298181C8004D76EB /* BaseViewModel.swift in Sources */,
				5848C84D29859E780055AD99 /* DisposeBagHolder.swift in Sources */,
				58AE4A16299A877800755611 /* PhotoPickerManager.swift in Sources */,
				582B64EB29817DFC004D76EB /* BaseView.swift in Sources */,
				58AE4A18299A88C900755611 /* PhotoPickerParameters.swift in Sources */,
				5818BA44298BE6E20080F8EB /* BaseModule.swift in Sources */,
				58AAD96A2996771A0072B764 /* PhotoDistributor.swift in Sources */,
				5848C882298884510055AD99 /* UIColor+Palette.swift in Sources */,
				5848C872298867860055AD99 /* UIFont+Weights.swift in Sources */,
				5848C875298869090055AD99 /* NSAttributedString+Extension.swift in Sources */,
				582B64E42980622E004D76EB /* Bindable.swift in Sources */,
				58F34D28278228B3004D33AC /* SceneDelegate.swift in Sources */,
				5848C85E2985ACDB0055AD99 /* MainScreenViewController.swift in Sources */,
				5818BA382989CFE50080F8EB /* MainScreenViewModelOutlets.swift in Sources */,
				5848C86C29881C430055AD99 /* UIImage+Sources.swift in Sources */,
				5818BA362989C6FE0080F8EB /* Closures.swift in Sources */,
				5848C8622985AEA60055AD99 /* MainScreenFlowFactory.swift in Sources */,
				5848C86929881B3A0055AD99 /* UIView+SubviewsAdding.swift in Sources */,
			);
			runOnlyForDeploymentPostprocessing = 0;
		};
		58F34D34278228B5004D33AC /* Sources */ = {
			isa = PBXSourcesBuildPhase;
			buildActionMask = 2147483647;
			files = (
				58F34D3D278228B5004D33AC /* TransartistryAppTests.swift in Sources */,
			);
			runOnlyForDeploymentPostprocessing = 0;
		};
		58F34D3E278228B5004D33AC /* Sources */ = {
			isa = PBXSourcesBuildPhase;
			buildActionMask = 2147483647;
			files = (
				58F34D47278228B5004D33AC /* TransartistryAppUITests.swift in Sources */,
				58F34D49278228B5004D33AC /* TransartistryAppUITestsLaunchTests.swift in Sources */,
			);
			runOnlyForDeploymentPostprocessing = 0;
		};
/* End PBXSourcesBuildPhase section */

/* Begin PBXTargetDependency section */
		58F34D3A278228B5004D33AC /* PBXTargetDependency */ = {
			isa = PBXTargetDependency;
			target = 58F34D21278228B2004D33AC /* TransartistryApp */;
			targetProxy = 58F34D39278228B5004D33AC /* PBXContainerItemProxy */;
		};
		58F34D44278228B5004D33AC /* PBXTargetDependency */ = {
			isa = PBXTargetDependency;
			target = 58F34D21278228B2004D33AC /* TransartistryApp */;
			targetProxy = 58F34D43278228B5004D33AC /* PBXContainerItemProxy */;
		};
/* End PBXTargetDependency section */

/* Begin PBXVariantGroup section */
		5891905D2785196F00868307 /* Localizable.strings */ = {
			isa = PBXVariantGroup;
			children = (
				5891905C2785196F00868307 /* en */,
				5891906D278799DA00868307 /* ru */,
			);
			name = Localizable.strings;
			sourceTree = "<group>";
		};
		58F34D30278228B5004D33AC /* LaunchScreen.storyboard */ = {
			isa = PBXVariantGroup;
			children = (
				58F34D31278228B5004D33AC /* Base */,
			);
			name = LaunchScreen.storyboard;
			sourceTree = "<group>";
		};
/* End PBXVariantGroup section */

/* Begin XCBuildConfiguration section */
		58F34D4A278228B5004D33AC /* Debug */ = {
			isa = XCBuildConfiguration;
			buildSettings = {
				ALWAYS_SEARCH_USER_PATHS = NO;
				CLANG_ANALYZER_LOCALIZABILITY_NONLOCALIZED = YES;
				CLANG_ANALYZER_NONNULL = YES;
				CLANG_ANALYZER_NUMBER_OBJECT_CONVERSION = YES_AGGRESSIVE;
				CLANG_CXX_LANGUAGE_STANDARD = "gnu++17";
				CLANG_CXX_LIBRARY = "libc++";
				CLANG_ENABLE_MODULES = YES;
				CLANG_ENABLE_OBJC_ARC = YES;
				CLANG_ENABLE_OBJC_WEAK = YES;
				CLANG_WARN_BLOCK_CAPTURE_AUTORELEASING = YES;
				CLANG_WARN_BOOL_CONVERSION = YES;
				CLANG_WARN_COMMA = YES;
				CLANG_WARN_CONSTANT_CONVERSION = YES;
				CLANG_WARN_DEPRECATED_OBJC_IMPLEMENTATIONS = YES;
				CLANG_WARN_DIRECT_OBJC_ISA_USAGE = YES_ERROR;
				CLANG_WARN_DOCUMENTATION_COMMENTS = YES;
				CLANG_WARN_EMPTY_BODY = YES;
				CLANG_WARN_ENUM_CONVERSION = YES;
				CLANG_WARN_INFINITE_RECURSION = YES;
				CLANG_WARN_INT_CONVERSION = YES;
				CLANG_WARN_NON_LITERAL_NULL_CONVERSION = YES;
				CLANG_WARN_OBJC_IMPLICIT_RETAIN_SELF = YES;
				CLANG_WARN_OBJC_LITERAL_CONVERSION = YES;
				CLANG_WARN_OBJC_ROOT_CLASS = YES_ERROR;
				CLANG_WARN_QUOTED_INCLUDE_IN_FRAMEWORK_HEADER = YES;
				CLANG_WARN_RANGE_LOOP_ANALYSIS = YES;
				CLANG_WARN_STRICT_PROTOTYPES = YES;
				CLANG_WARN_SUSPICIOUS_MOVE = YES;
				CLANG_WARN_UNGUARDED_AVAILABILITY = YES_AGGRESSIVE;
				CLANG_WARN_UNREACHABLE_CODE = YES;
				CLANG_WARN__DUPLICATE_METHOD_MATCH = YES;
				COPY_PHASE_STRIP = NO;
				DEBUG_INFORMATION_FORMAT = dwarf;
				ENABLE_STRICT_OBJC_MSGSEND = YES;
				ENABLE_TESTABILITY = YES;
				GCC_C_LANGUAGE_STANDARD = gnu11;
				GCC_DYNAMIC_NO_PIC = NO;
				GCC_NO_COMMON_BLOCKS = YES;
				GCC_OPTIMIZATION_LEVEL = 0;
				GCC_PREPROCESSOR_DEFINITIONS = (
					"DEBUG=1",
					"$(inherited)",
				);
				GCC_WARN_64_TO_32_BIT_CONVERSION = YES;
				GCC_WARN_ABOUT_RETURN_TYPE = YES_ERROR;
				GCC_WARN_UNDECLARED_SELECTOR = YES;
				GCC_WARN_UNINITIALIZED_AUTOS = YES_AGGRESSIVE;
				GCC_WARN_UNUSED_FUNCTION = YES;
				GCC_WARN_UNUSED_VARIABLE = YES;
				IPHONEOS_DEPLOYMENT_TARGET = 15.2;
				MTL_ENABLE_DEBUG_INFO = INCLUDE_SOURCE;
				MTL_FAST_MATH = YES;
				ONLY_ACTIVE_ARCH = YES;
				SDKROOT = iphoneos;
				SWIFT_ACTIVE_COMPILATION_CONDITIONS = DEBUG;
				SWIFT_OPTIMIZATION_LEVEL = "-Onone";
			};
			name = Debug;
		};
		58F34D4B278228B5004D33AC /* Release */ = {
			isa = XCBuildConfiguration;
			buildSettings = {
				ALWAYS_SEARCH_USER_PATHS = NO;
				CLANG_ANALYZER_LOCALIZABILITY_NONLOCALIZED = YES;
				CLANG_ANALYZER_NONNULL = YES;
				CLANG_ANALYZER_NUMBER_OBJECT_CONVERSION = YES_AGGRESSIVE;
				CLANG_CXX_LANGUAGE_STANDARD = "gnu++17";
				CLANG_CXX_LIBRARY = "libc++";
				CLANG_ENABLE_MODULES = YES;
				CLANG_ENABLE_OBJC_ARC = YES;
				CLANG_ENABLE_OBJC_WEAK = YES;
				CLANG_WARN_BLOCK_CAPTURE_AUTORELEASING = YES;
				CLANG_WARN_BOOL_CONVERSION = YES;
				CLANG_WARN_COMMA = YES;
				CLANG_WARN_CONSTANT_CONVERSION = YES;
				CLANG_WARN_DEPRECATED_OBJC_IMPLEMENTATIONS = YES;
				CLANG_WARN_DIRECT_OBJC_ISA_USAGE = YES_ERROR;
				CLANG_WARN_DOCUMENTATION_COMMENTS = YES;
				CLANG_WARN_EMPTY_BODY = YES;
				CLANG_WARN_ENUM_CONVERSION = YES;
				CLANG_WARN_INFINITE_RECURSION = YES;
				CLANG_WARN_INT_CONVERSION = YES;
				CLANG_WARN_NON_LITERAL_NULL_CONVERSION = YES;
				CLANG_WARN_OBJC_IMPLICIT_RETAIN_SELF = YES;
				CLANG_WARN_OBJC_LITERAL_CONVERSION = YES;
				CLANG_WARN_OBJC_ROOT_CLASS = YES_ERROR;
				CLANG_WARN_QUOTED_INCLUDE_IN_FRAMEWORK_HEADER = YES;
				CLANG_WARN_RANGE_LOOP_ANALYSIS = YES;
				CLANG_WARN_STRICT_PROTOTYPES = YES;
				CLANG_WARN_SUSPICIOUS_MOVE = YES;
				CLANG_WARN_UNGUARDED_AVAILABILITY = YES_AGGRESSIVE;
				CLANG_WARN_UNREACHABLE_CODE = YES;
				CLANG_WARN__DUPLICATE_METHOD_MATCH = YES;
				COPY_PHASE_STRIP = NO;
				DEBUG_INFORMATION_FORMAT = "dwarf-with-dsym";
				ENABLE_NS_ASSERTIONS = NO;
				ENABLE_STRICT_OBJC_MSGSEND = YES;
				GCC_C_LANGUAGE_STANDARD = gnu11;
				GCC_NO_COMMON_BLOCKS = YES;
				GCC_WARN_64_TO_32_BIT_CONVERSION = YES;
				GCC_WARN_ABOUT_RETURN_TYPE = YES_ERROR;
				GCC_WARN_UNDECLARED_SELECTOR = YES;
				GCC_WARN_UNINITIALIZED_AUTOS = YES_AGGRESSIVE;
				GCC_WARN_UNUSED_FUNCTION = YES;
				GCC_WARN_UNUSED_VARIABLE = YES;
				IPHONEOS_DEPLOYMENT_TARGET = 15.2;
				MTL_ENABLE_DEBUG_INFO = NO;
				MTL_FAST_MATH = YES;
				SDKROOT = iphoneos;
				SWIFT_COMPILATION_MODE = wholemodule;
				SWIFT_OPTIMIZATION_LEVEL = "-O";
				VALIDATE_PRODUCT = YES;
			};
			name = Release;
		};
		58F34D4D278228B5004D33AC /* Debug */ = {
			isa = XCBuildConfiguration;
			baseConfigurationReference = 7CCF561616755555CEA0730B /* Pods-TransartistryApp.debug.xcconfig */;
			buildSettings = {
				ASSETCATALOG_COMPILER_APPICON_NAME = AppIcon;
				ASSETCATALOG_COMPILER_GLOBAL_ACCENT_COLOR_NAME = AccentColor;
				CODE_SIGN_STYLE = Automatic;
				CURRENT_PROJECT_VERSION = 1;
				DEVELOPMENT_TEAM = 6VRN8A2N37;
				GENERATE_INFOPLIST_FILE = YES;
				INFOPLIST_FILE = TransartistryApp/Info.plist;
				INFOPLIST_KEY_NSCameraUsageDescription = "Please, allow access to take a photo directly in the App!";
				INFOPLIST_KEY_NSPhotoLibraryAddUsageDescription = "Please, allow access to take a photo directly in the App!";
				INFOPLIST_KEY_UIApplicationSupportsIndirectInputEvents = YES;
				INFOPLIST_KEY_UILaunchStoryboardName = LaunchScreen;
				INFOPLIST_KEY_UISupportedInterfaceOrientations_iPad = "UIInterfaceOrientationPortrait UIInterfaceOrientationPortraitUpsideDown UIInterfaceOrientationLandscapeLeft UIInterfaceOrientationLandscapeRight";
				INFOPLIST_KEY_UISupportedInterfaceOrientations_iPhone = "UIInterfaceOrientationPortrait UIInterfaceOrientationLandscapeLeft UIInterfaceOrientationLandscapeRight";
				LD_RUNPATH_SEARCH_PATHS = (
					"$(inherited)",
					"@executable_path/Frameworks",
				);
				MARKETING_VERSION = 1.0;
				PRODUCT_BUNDLE_IDENTIFIER = com.matveybo.TransartistryApp;
				PRODUCT_NAME = "$(TARGET_NAME)";
				SWIFT_EMIT_LOC_STRINGS = YES;
				SWIFT_VERSION = 5.0;
				TARGETED_DEVICE_FAMILY = "1,2";
			};
			name = Debug;
		};
		58F34D4E278228B5004D33AC /* Release */ = {
			isa = XCBuildConfiguration;
			baseConfigurationReference = 20CFC85B6ED639265958937E /* Pods-TransartistryApp.release.xcconfig */;
			buildSettings = {
				ASSETCATALOG_COMPILER_APPICON_NAME = AppIcon;
				ASSETCATALOG_COMPILER_GLOBAL_ACCENT_COLOR_NAME = AccentColor;
				CODE_SIGN_STYLE = Automatic;
				CURRENT_PROJECT_VERSION = 1;
				DEVELOPMENT_TEAM = 6VRN8A2N37;
				GENERATE_INFOPLIST_FILE = YES;
				INFOPLIST_FILE = TransartistryApp/Info.plist;
				INFOPLIST_KEY_NSCameraUsageDescription = "Please, allow access to take a photo directly in the App!";
				INFOPLIST_KEY_NSPhotoLibraryAddUsageDescription = "Please, allow access to take a photo directly in the App!";
				INFOPLIST_KEY_UIApplicationSupportsIndirectInputEvents = YES;
				INFOPLIST_KEY_UILaunchStoryboardName = LaunchScreen;
				INFOPLIST_KEY_UISupportedInterfaceOrientations_iPad = "UIInterfaceOrientationPortrait UIInterfaceOrientationPortraitUpsideDown UIInterfaceOrientationLandscapeLeft UIInterfaceOrientationLandscapeRight";
				INFOPLIST_KEY_UISupportedInterfaceOrientations_iPhone = "UIInterfaceOrientationPortrait UIInterfaceOrientationLandscapeLeft UIInterfaceOrientationLandscapeRight";
				LD_RUNPATH_SEARCH_PATHS = (
					"$(inherited)",
					"@executable_path/Frameworks",
				);
				MARKETING_VERSION = 1.0;
				PRODUCT_BUNDLE_IDENTIFIER = com.matveybo.TransartistryApp;
				PRODUCT_NAME = "$(TARGET_NAME)";
				SWIFT_EMIT_LOC_STRINGS = YES;
				SWIFT_VERSION = 5.0;
				TARGETED_DEVICE_FAMILY = "1,2";
			};
			name = Release;
		};
		58F34D50278228B5004D33AC /* Debug */ = {
			isa = XCBuildConfiguration;
			baseConfigurationReference = 542B80ABD5BD34796AC4EEC3 /* Pods-TransartistryAppTests.debug.xcconfig */;
			buildSettings = {
				ALWAYS_EMBED_SWIFT_STANDARD_LIBRARIES = YES;
				BUNDLE_LOADER = "$(TEST_HOST)";
				CODE_SIGN_STYLE = Automatic;
				CURRENT_PROJECT_VERSION = 1;
				DEVELOPMENT_TEAM = 6VRN8A2N37;
				GENERATE_INFOPLIST_FILE = YES;
				IPHONEOS_DEPLOYMENT_TARGET = 15.2;
				MARKETING_VERSION = 1.0;
				PRODUCT_BUNDLE_IDENTIFIER = com.matveybo.TransartistryAppTests;
				PRODUCT_NAME = "$(TARGET_NAME)";
				SWIFT_EMIT_LOC_STRINGS = NO;
				SWIFT_VERSION = 5.0;
				TARGETED_DEVICE_FAMILY = "1,2";
				TEST_HOST = "$(BUILT_PRODUCTS_DIR)/TransartistryApp.app/TransartistryApp";
			};
			name = Debug;
		};
		58F34D51278228B5004D33AC /* Release */ = {
			isa = XCBuildConfiguration;
			baseConfigurationReference = 42F842A5D4C6FA364344079C /* Pods-TransartistryAppTests.release.xcconfig */;
			buildSettings = {
				ALWAYS_EMBED_SWIFT_STANDARD_LIBRARIES = YES;
				BUNDLE_LOADER = "$(TEST_HOST)";
				CODE_SIGN_STYLE = Automatic;
				CURRENT_PROJECT_VERSION = 1;
				DEVELOPMENT_TEAM = 6VRN8A2N37;
				GENERATE_INFOPLIST_FILE = YES;
				IPHONEOS_DEPLOYMENT_TARGET = 15.2;
				MARKETING_VERSION = 1.0;
				PRODUCT_BUNDLE_IDENTIFIER = com.matveybo.TransartistryAppTests;
				PRODUCT_NAME = "$(TARGET_NAME)";
				SWIFT_EMIT_LOC_STRINGS = NO;
				SWIFT_VERSION = 5.0;
				TARGETED_DEVICE_FAMILY = "1,2";
				TEST_HOST = "$(BUILT_PRODUCTS_DIR)/TransartistryApp.app/TransartistryApp";
			};
			name = Release;
		};
		58F34D53278228B5004D33AC /* Debug */ = {
			isa = XCBuildConfiguration;
			baseConfigurationReference = 315D4FD1B22BBA75C4F00E55 /* Pods-TransartistryApp-TransartistryAppUITests.debug.xcconfig */;
			buildSettings = {
				ALWAYS_EMBED_SWIFT_STANDARD_LIBRARIES = YES;
				CODE_SIGN_STYLE = Automatic;
				CURRENT_PROJECT_VERSION = 1;
				DEVELOPMENT_TEAM = 6VRN8A2N37;
				GENERATE_INFOPLIST_FILE = YES;
				MARKETING_VERSION = 1.0;
				PRODUCT_BUNDLE_IDENTIFIER = com.matveybo.TransartistryAppUITests;
				PRODUCT_NAME = "$(TARGET_NAME)";
				SWIFT_EMIT_LOC_STRINGS = NO;
				SWIFT_VERSION = 5.0;
				TARGETED_DEVICE_FAMILY = "1,2";
				TEST_TARGET_NAME = TransartistryApp;
			};
			name = Debug;
		};
		58F34D54278228B5004D33AC /* Release */ = {
			isa = XCBuildConfiguration;
			baseConfigurationReference = FBBE62FE00FB40362FB8A0A5 /* Pods-TransartistryApp-TransartistryAppUITests.release.xcconfig */;
			buildSettings = {
				ALWAYS_EMBED_SWIFT_STANDARD_LIBRARIES = YES;
				CODE_SIGN_STYLE = Automatic;
				CURRENT_PROJECT_VERSION = 1;
				DEVELOPMENT_TEAM = 6VRN8A2N37;
				GENERATE_INFOPLIST_FILE = YES;
				MARKETING_VERSION = 1.0;
				PRODUCT_BUNDLE_IDENTIFIER = com.matveybo.TransartistryAppUITests;
				PRODUCT_NAME = "$(TARGET_NAME)";
				SWIFT_EMIT_LOC_STRINGS = NO;
				SWIFT_VERSION = 5.0;
				TARGETED_DEVICE_FAMILY = "1,2";
				TEST_TARGET_NAME = TransartistryApp;
			};
			name = Release;
		};
/* End XCBuildConfiguration section */

/* Begin XCConfigurationList section */
		58F34D1D278228B2004D33AC /* Build configuration list for PBXProject "TransartistryApp" */ = {
			isa = XCConfigurationList;
			buildConfigurations = (
				58F34D4A278228B5004D33AC /* Debug */,
				58F34D4B278228B5004D33AC /* Release */,
			);
			defaultConfigurationIsVisible = 0;
			defaultConfigurationName = Release;
		};
		58F34D4C278228B5004D33AC /* Build configuration list for PBXNativeTarget "TransartistryApp" */ = {
			isa = XCConfigurationList;
			buildConfigurations = (
				58F34D4D278228B5004D33AC /* Debug */,
				58F34D4E278228B5004D33AC /* Release */,
			);
			defaultConfigurationIsVisible = 0;
			defaultConfigurationName = Release;
		};
		58F34D4F278228B5004D33AC /* Build configuration list for PBXNativeTarget "TransartistryAppTests" */ = {
			isa = XCConfigurationList;
			buildConfigurations = (
				58F34D50278228B5004D33AC /* Debug */,
				58F34D51278228B5004D33AC /* Release */,
			);
			defaultConfigurationIsVisible = 0;
			defaultConfigurationName = Release;
		};
		58F34D52278228B5004D33AC /* Build configuration list for PBXNativeTarget "TransartistryAppUITests" */ = {
			isa = XCConfigurationList;
			buildConfigurations = (
				58F34D53278228B5004D33AC /* Debug */,
				58F34D54278228B5004D33AC /* Release */,
			);
			defaultConfigurationIsVisible = 0;
			defaultConfigurationName = Release;
		};
/* End XCConfigurationList section */
	};
	rootObject = 58F34D1A278228B2004D33AC /* Project object */;
}
