PODS:
  - RxCocoa (6.5.0):
    - RxRelay (= 6.5.0)
    - RxSwift (= 6.5.0)
  - RxRelay (6.5.0):
    - RxSwift (= 6.5.0)
  - RxSwift (6.5.0)
  - SnapKit (5.0.1)
  - SwiftLint (0.45.0)
  - TICoordinatorKit (1.1.5)

DEPENDENCIES:
  - RxCocoa (= 6.5.0)
  - RxSwift (= 6.5.0)
  - SnapKit (~> 5.0.0)
  - SwiftLint
  - TICoordinatorKit (from `https://github.com/TouchInstinct/TICoordinatorKit.git`, branch `master`)

SPEC REPOS:
  trunk:
    - RxCocoa
    - RxRelay
    - RxSwift
    - SnapKit
    - SwiftLint

EXTERNAL SOURCES:
  TICoordinatorKit:
    :branch: master
    :git: https://github.com/TouchInstinct/TICoordinatorKit.git

CHECKOUT OPTIONS:
  TICoordinatorKit:
    :commit: c76079e667057f4f9f58327f00c4422138e8669c
    :git: https://github.com/TouchInstinct/TICoordinatorKit.git

SPEC CHECKSUMS:
  RxCocoa: 94f817b71c07517321eb4f9ad299112ca8af743b
  RxRelay: 1de1523e604c72b6c68feadedd1af3b1b4d0ecbd
  RxSwift: 5710a9e6b17f3c3d6e40d6e559b9fa1e813b2ef8
  SnapKit: 97b92857e3df3a0c71833cce143274bf6ef8e5eb
  SwiftLint: e5c7f1fba68eccfc51509d5b2ce1699f5502e0c7
  TICoordinatorKit: 7616783e95bb6a1d8d040015841c205269ea0964

PODFILE CHECKSUM: 0fdbf2f85c3ad51ef6a407b9084618876e0917b9

COCOAPODS: 1.11.2
